// !$*UTF8*$!
{
	archiveVersion = 1;
	classes = {
	};
	objectVersion = 56;
	objects = {

/* Begin PBXBuildFile section */
		00000001 /* TeePalsApp.swift in Sources */ = {isa = PBXBuildFile; fileRef = 10000001 /* TeePalsApp.swift */; };
		00000018 /* FirestoreConstants.swift in Sources */ = {isa = PBXBuildFile; fileRef = 10000018 /* FirestoreConstants.swift */; };
		00000019 /* Assets.xcassets in Resources */ = {isa = PBXBuildFile; fileRef = 10000019 /* Assets.xcassets */; };
		00000020 /* FirebaseAuth in Frameworks */ = {isa = PBXBuildFile; productRef = 20000001 /* FirebaseAuth */; };
		00000021 /* FirebaseFirestore in Frameworks */ = {isa = PBXBuildFile; productRef = 20000002 /* FirebaseFirestore */; };
		9604DC492F15BADC00C7D73F /* PostStats.swift in Sources */ = {isa = PBXBuildFile; fileRef = 9604DC462F15BADC00C7D73F /* PostStats.swift */; };
		9604DC4A2F15BADC00C7D73F /* ViewerContext.swift in Sources */ = {isa = PBXBuildFile; fileRef = 9604DC482F15BADC00C7D73F /* ViewerContext.swift */; };
		9604DC4B2F15BADC00C7D73F /* UserStats.swift in Sources */ = {isa = PBXBuildFile; fileRef = 9604DC472F15BADC00C7D73F /* UserStats.swift */; };
		9604DC4C2F15BADC00C7D73F /* FeedCursor.swift in Sources */ = {isa = PBXBuildFile; fileRef = 9604DC442F15BADC00C7D73F /* FeedCursor.swift */; };
		9604DC4D2F15BADC00C7D73F /* FeedScore.swift in Sources */ = {isa = PBXBuildFile; fileRef = 9604DC452F15BADC00C7D73F /* FeedScore.swift */; };
		9604DC502F15BAF800C7D73F /* FeedRankingConfig.swift in Sources */ = {isa = PBXBuildFile; fileRef = 9604DC4E2F15BAF800C7D73F /* FeedRankingConfig.swift */; };
		9604DC512F15BAF800C7D73F /* FeedRankingService.swift in Sources */ = {isa = PBXBuildFile; fileRef = 9604DC4F2F15BAF800C7D73F /* FeedRankingService.swift */; };
		9604DC532F15D54800C7D73F /* PhotoViewerView.swift in Sources */ = {isa = PBXBuildFile; fileRef = 9604DC522F15D54800C7D73F /* PhotoViewerView.swift */; };
		9604DC552F15E1E400C7D73F /* ProfileIdentitySection.swift in Sources */ = {isa = PBXBuildFile; fileRef = 9604DC542F15E1E400C7D73F /* ProfileIdentitySection.swift */; };
		9604DC572F15E1F700C7D73F /* PostsListScreen.swift in Sources */ = {isa = PBXBuildFile; fileRef = 9604DC562F15E1F700C7D73F /* PostsListScreen.swift */; };
		9604DC5B2F15F0A600C7D73F /* BioEditSheet.swift in Sources */ = {isa = PBXBuildFile; fileRef = 9604DC582F15F0A600C7D73F /* BioEditSheet.swift */; };
		9604DC5F2F15F8AC00C7D73F /* AboutMeEditSheet.swift in Sources */ = {isa = PBXBuildFile; fileRef = 9604DC5C2F15F8AC00C7D73F /* AboutMeEditSheet.swift */; };
		9604DC602F15F8AC00C7D73F /* PhotoEditSheet.swift in Sources */ = {isa = PBXBuildFile; fileRef = 9604DC5E2F15F8AC00C7D73F /* PhotoEditSheet.swift */; };
		9604DC612F15F8AC00C7D73F /* GolfEditSheet.swift in Sources */ = {isa = PBXBuildFile; fileRef = 9604DC5D2F15F8AC00C7D73F /* GolfEditSheet.swift */; };
		965BCAD12F183F4D00063CD5 /* InviteUsersViewModel.swift in Sources */ = {isa = PBXBuildFile; fileRef = 965BCAD02F183F4D00063CD5 /* InviteUsersViewModel.swift */; };
		965BCAD22F183F4D00063CD5 /* InvitedRoundsViewModel.swift in Sources */ = {isa = PBXBuildFile; fileRef = 965BCACF2F183F4D00063CD5 /* InvitedRoundsViewModel.swift */; };
		965BCAD52F183FAA00063CD5 /* ActivityRoundsViewRefactored.swift in Sources */ = {isa = PBXBuildFile; fileRef = 965BCAD32F183FAA00063CD5 /* ActivityRoundsViewRefactored.swift */; };
		965BCAD62F183FAA00063CD5 /* InviteUsersSheet.swift in Sources */ = {isa = PBXBuildFile; fileRef = 965BCAD42F183FAA00063CD5 /* InviteUsersSheet.swift */; };
		965BCAD82F183FB700063CD5 /* InvitedRoundCard.swift in Sources */ = {isa = PBXBuildFile; fileRef = 965BCAD72F183FB700063CD5 /* InvitedRoundCard.swift */; };
		965BCADA2F18642C00063CD5 /* Notification.swift in Sources */ = {isa = PBXBuildFile; fileRef = 965BCAD92F18642C00063CD5 /* Notification.swift */; };
		965BCADC2F18643900063CD5 /* NotificationsRepository.swift in Sources */ = {isa = PBXBuildFile; fileRef = 965BCADB2F18643900063CD5 /* NotificationsRepository.swift */; };
		965BCADE2F18644A00063CD5 /* FirestoreNotificationsRepository.swift in Sources */ = {isa = PBXBuildFile; fileRef = 965BCADD2F18644A00063CD5 /* FirestoreNotificationsRepository.swift */; };
		965BCAE02F18743000063CD5 /* NotificationsViewModel.swift in Sources */ = {isa = PBXBuildFile; fileRef = 965BCADF2F18743000063CD5 /* NotificationsViewModel.swift */; };
		965BCAE22F19A39600063CD5 /* ShareLinkService.swift in Sources */ = {isa = PBXBuildFile; fileRef = 965BCAE12F19A39600063CD5 /* ShareLinkService.swift */; };
		965BCAE42F19A3A500063CD5 /* ShareSheet.swift in Sources */ = {isa = PBXBuildFile; fileRef = 965BCAE32F19A3A500063CD5 /* ShareSheet.swift */; };
		965BCAE72F19A3B600063CD5 /* DeepLinkCoordinator.swift in Sources */ = {isa = PBXBuildFile; fileRef = 965BCAE52F19A3B600063CD5 /* DeepLinkCoordinator.swift */; };
		965BCAE92F19D5B300063CD5 /* FirestoreUserRepository.swift in Sources */ = {isa = PBXBuildFile; fileRef = 965BCAE82F19D5B300063CD5 /* FirestoreUserRepository.swift */; };
		965BCAEB2F19D5ED00063CD5 /* UserRepository.swift in Sources */ = {isa = PBXBuildFile; fileRef = 965BCAEA2F19D5ED00063CD5 /* UserRepository.swift */; };
		965BCAED2F19F7B100063CD5 /* RoundFeedback.swift in Sources */ = {isa = PBXBuildFile; fileRef = 965BCAEC2F19F7B100063CD5 /* RoundFeedback.swift */; };
		965BCAEF2F19F7BD00063CD5 /* TrustRepository.swift in Sources */ = {isa = PBXBuildFile; fileRef = 965BCAEE2F19F7BD00063CD5 /* TrustRepository.swift */; };
		965BCAF12F19F7C900063CD5 /* FirestoreTrustRepository.swift in Sources */ = {isa = PBXBuildFile; fileRef = 965BCAF02F19F7C900063CD5 /* FirestoreTrustRepository.swift */; };
		965BCAF32F1A000B00063CD5 /* PostRoundFeedbackViewModel.swift in Sources */ = {isa = PBXBuildFile; fileRef = 965BCAF22F1A000B00063CD5 /* PostRoundFeedbackViewModel.swift */; };
		965BCAF72F1A002000063CD5 /* PostRoundFeedbackView.swift in Sources */ = {isa = PBXBuildFile; fileRef = 965BCAF52F1A002000063CD5 /* PostRoundFeedbackView.swift */; };
		965BCAF82F1A002000063CD5 /* PendingFeedbackSection.swift in Sources */ = {isa = PBXBuildFile; fileRef = 965BCAF42F1A002000063CD5 /* PendingFeedbackSection.swift */; };
		965BCAFA2F1A015200063CD5 /* TestDataHelper.swift in Sources */ = {isa = PBXBuildFile; fileRef = 965BCAF92F1A015200063CD5 /* TestDataHelper.swift */; };
		965BCAFD2F1A016300063CD5 /* TestDataSection.swift in Sources */ = {isa = PBXBuildFile; fileRef = 965BCAFB2F1A016300063CD5 /* TestDataSection.swift */; };
		965BCAFF2F1C554000063CD5 /* PreviewTestFile.swift in Sources */ = {isa = PBXBuildFile; fileRef = 965BCAFE2F1C553E00063CD5 /* PreviewTestFile.swift */; };
		965BCB012F21A6CE00063CD5 /* AdvancedTextEditor.swift in Sources */ = {isa = PBXBuildFile; fileRef = 965BCB002F21A6CE00063CD5 /* AdvancedTextEditor.swift */; };
		965BCB032F21C2CB00063CD5 /* CommentComposer.swift in Sources */ = {isa = PBXBuildFile; fileRef = 965BCB022F21C2CB00063CD5 /* CommentComposer.swift */; };
		965BCB052F21C44800063CD5 /* CommentRowView.swift in Sources */ = {isa = PBXBuildFile; fileRef = 965BCB042F21C44800063CD5 /* CommentRowView.swift */; };
		965BCB072F21C47E00063CD5 /* RoundedCornerShape.swift in Sources */ = {isa = PBXBuildFile; fileRef = 965BCB062F21C47E00063CD5 /* RoundedCornerShape.swift */; };
		966A5FC42F0FF7050064F1A9 /* FirebaseAnalytics in Frameworks */ = {isa = PBXBuildFile; productRef = 966A5FC32F0FF7050064F1A9 /* FirebaseAnalytics */; };
		966A5FC62F10EE420064F1A9 /* GoogleService-Info.plist in Resources */ = {isa = PBXBuildFile; fileRef = 966A5FC52F10EE420064F1A9 /* GoogleService-Info.plist */; };
		966A605D2F11330F0064F1A9 /* AppContainer.swift in Sources */ = {isa = PBXBuildFile; fileRef = 966A60312F11330F0064F1A9 /* AppContainer.swift */; };
		966A605E2F11330F0064F1A9 /* PublicProfileCardView.swift in Sources */ = {isa = PBXBuildFile; fileRef = 966A60462F11330F0064F1A9 /* PublicProfileCardView.swift */; };
		966A605F2F11330F0064F1A9 /* PublicProfile.swift in Sources */ = {isa = PBXBuildFile; fileRef = 966A603A2F11330F0064F1A9 /* PublicProfile.swift */; };
		966A60602F11330F0064F1A9 /* User.swift in Sources */ = {isa = PBXBuildFile; fileRef = 966A603D2F11330F0064F1A9 /* User.swift */; };
		966A60612F11330F0064F1A9 /* LocationService.swift in Sources */ = {isa = PBXBuildFile; fileRef = 966A60432F11330F0064F1A9 /* LocationService.swift */; };
		966A60622F11330F0064F1A9 /* AuthService.swift in Sources */ = {isa = PBXBuildFile; fileRef = 966A60422F11330F0064F1A9 /* AuthService.swift */; };
		966A60632F11330F0064F1A9 /* RootView.swift in Sources */ = {isa = PBXBuildFile; fileRef = 966A605B2F11330F0064F1A9 /* RootView.swift */; };
		966A60642F11330F0064F1A9 /* FirestoreProfileRepository.swift in Sources */ = {isa = PBXBuildFile; fileRef = 966A60332F11330F0064F1A9 /* FirestoreProfileRepository.swift */; };
		966A60652F11330F0064F1A9 /* PrivateProfile.swift in Sources */ = {isa = PBXBuildFile; fileRef = 966A60382F11330F0064F1A9 /* PrivateProfile.swift */; };
		966A60662F11330F0064F1A9 /* ProfileView.swift in Sources */ = {isa = PBXBuildFile; fileRef = 966A60562F11330F0064F1A9 /* ProfileView.swift */; };
		966A60672F11330F0064F1A9 /* LaunchScreenView.swift in Sources */ = {isa = PBXBuildFile; fileRef = 966A605A2F11330F0064F1A9 /* LaunchScreenView.swift */; };
		966A60682F11330F0064F1A9 /* ProfileGateView.swift in Sources */ = {isa = PBXBuildFile; fileRef = 966A60542F11330F0064F1A9 /* ProfileGateView.swift */; };
		966A60692F11330F0064F1A9 /* ProfileRepository.swift in Sources */ = {isa = PBXBuildFile; fileRef = 966A603F2F11330F0064F1A9 /* ProfileRepository.swift */; };
		966A606A2F11330F0064F1A9 /* ProfileSetupView.swift in Sources */ = {isa = PBXBuildFile; fileRef = 966A60552F11330F0064F1A9 /* ProfileSetupView.swift */; };
		966A606B2F11330F0064F1A9 /* AuthView.swift in Sources */ = {isa = PBXBuildFile; fileRef = 966A604C2F11330F0064F1A9 /* AuthView.swift */; };
		966A606C2F11330F0064F1A9 /* ProfileSetupViewModel.swift in Sources */ = {isa = PBXBuildFile; fileRef = 966A60492F11330F0064F1A9 /* ProfileSetupViewModel.swift */; };
		966A606D2F11330F0064F1A9 /* Message.swift in Sources */ = {isa = PBXBuildFile; fileRef = 966A60372F11330F0064F1A9 /* Message.swift */; };
		966A606E2F11330F0064F1A9 /* BlockedUser.swift in Sources */ = {isa = PBXBuildFile; fileRef = 966A60362F11330F0064F1A9 /* BlockedUser.swift */; };
		966A606F2F11330F0064F1A9 /* Round.swift in Sources */ = {isa = PBXBuildFile; fileRef = 966A603B2F11330F0064F1A9 /* Round.swift */; };
		966A60702F11330F0064F1A9 /* RoundMember.swift in Sources */ = {isa = PBXBuildFile; fileRef = 966A603C2F11330F0064F1A9 /* RoundMember.swift */; };
		966A60712F11330F0064F1A9 /* FirestoreSocialRepository.swift in Sources */ = {isa = PBXBuildFile; fileRef = 966A60342F11330F0064F1A9 /* FirestoreSocialRepository.swift */; };
		966A60722F11330F0064F1A9 /* ProfileViewModel.swift in Sources */ = {isa = PBXBuildFile; fileRef = 966A604A2F11330F0064F1A9 /* ProfileViewModel.swift */; };
		966A60732F11330F0064F1A9 /* RoundsView.swift in Sources */ = {isa = PBXBuildFile; fileRef = 966A60582F11330F0064F1A9 /* RoundsView.swift */; };
		966A60742F11330F0064F1A9 /* NotificationsView.swift in Sources */ = {isa = PBXBuildFile; fileRef = 966A60522F11330F0064F1A9 /* NotificationsView.swift */; };
		966A60752F11330F0064F1A9 /* ProfileGateViewModel.swift in Sources */ = {isa = PBXBuildFile; fileRef = 966A60482F11330F0064F1A9 /* ProfileGateViewModel.swift */; };
		966A60762F11330F0064F1A9 /* SocialRepository.swift in Sources */ = {isa = PBXBuildFile; fileRef = 966A60402F11330F0064F1A9 /* SocialRepository.swift */; };
		966A60772F11330F0064F1A9 /* MainTabView.swift in Sources */ = {isa = PBXBuildFile; fileRef = 966A60502F11330F0064F1A9 /* MainTabView.swift */; };
		966A60782F11330F0064F1A9 /* ProfileCompletionLevel.swift in Sources */ = {isa = PBXBuildFile; fileRef = 966A60392F11330F0064F1A9 /* ProfileCompletionLevel.swift */; };
		966A60792F11330F0064F1A9 /* HomeView.swift in Sources */ = {isa = PBXBuildFile; fileRef = 966A604E2F11330F0064F1A9 /* HomeView.swift */; };
		966A607C2F11360E0064F1A9 /* Tier1OnboardingViewModel.swift in Sources */ = {isa = PBXBuildFile; fileRef = 966A607B2F11360E0064F1A9 /* Tier1OnboardingViewModel.swift */; };
		966A608D2F1136440064F1A9 /* LocationStepView.swift in Sources */ = {isa = PBXBuildFile; fileRef = 966A60892F1136440064F1A9 /* LocationStepView.swift */; };
		966A608E2F1136440064F1A9 /* BirthdateStepView.swift in Sources */ = {isa = PBXBuildFile; fileRef = 966A60872F1136440064F1A9 /* BirthdateStepView.swift */; };
		966A608F2F1136440064F1A9 /* Tier1OnboardingFlow.swift in Sources */ = {isa = PBXBuildFile; fileRef = 966A608B2F1136440064F1A9 /* Tier1OnboardingFlow.swift */; };
		966A60902F1136440064F1A9 /* GenderStepView.swift in Sources */ = {isa = PBXBuildFile; fileRef = 966A60882F1136440064F1A9 /* GenderStepView.swift */; };
		966A60912F1136440064F1A9 /* NicknameStepView.swift in Sources */ = {isa = PBXBuildFile; fileRef = 966A608A2F1136440064F1A9 /* NicknameStepView.swift */; };
		966A609A2F1146770064F1A9 /* AppTypography.swift in Sources */ = {isa = PBXBuildFile; fileRef = 966A60982F1146770064F1A9 /* AppTypography.swift */; };
		966A609B2F1146770064F1A9 /* AppTextField.swift in Sources */ = {isa = PBXBuildFile; fileRef = 966A60972F1146770064F1A9 /* AppTextField.swift */; };
		966A609C2F1146770064F1A9 /* AppCard.swift in Sources */ = {isa = PBXBuildFile; fileRef = 966A60942F1146770064F1A9 /* AppCard.swift */; };
		966A609D2F1146770064F1A9 /* AppBanners.swift in Sources */ = {isa = PBXBuildFile; fileRef = 966A60922F1146770064F1A9 /* AppBanners.swift */; };
		966A609E2F1146770064F1A9 /* AppButtons.swift in Sources */ = {isa = PBXBuildFile; fileRef = 966A60932F1146770064F1A9 /* AppButtons.swift */; };
		966A609F2F1146770064F1A9 /* AppSpacing.swift in Sources */ = {isa = PBXBuildFile; fileRef = 966A60962F1146770064F1A9 /* AppSpacing.swift */; };
		966A60A02F1146770064F1A9 /* AppColors.swift in Sources */ = {isa = PBXBuildFile; fileRef = 966A60952F1146770064F1A9 /* AppColors.swift */; };
		966A60A32F11484E0064F1A9 /* SkeletonViews.swift in Sources */ = {isa = PBXBuildFile; fileRef = 966A60A22F11484E0064F1A9 /* SkeletonViews.swift */; };
		966A60A42F11484E0064F1A9 /* EmptyStateView.swift in Sources */ = {isa = PBXBuildFile; fileRef = 966A60A12F11484E0064F1A9 /* EmptyStateView.swift */; };
		966A60A82F1151C80064F1A9 /* CitySearchSheet.swift in Sources */ = {isa = PBXBuildFile; fileRef = 966A60A52F1151C80064F1A9 /* CitySearchSheet.swift */; };
		966A60A92F1151C80064F1A9 /* FormFieldRow.swift in Sources */ = {isa = PBXBuildFile; fileRef = 966A60A62F1151C80064F1A9 /* FormFieldRow.swift */; };
		966A60AA2F1151C80064F1A9 /* LocationFieldView.swift in Sources */ = {isa = PBXBuildFile; fileRef = 966A60A72F1151C80064F1A9 /* LocationFieldView.swift */; };
		966A60AC2F1158FF0064F1A9 /* StorageService.swift in Sources */ = {isa = PBXBuildFile; fileRef = 966A60AB2F1158FF0064F1A9 /* StorageService.swift */; };
		966A60AF2F11590D0064F1A9 /* ProfileEditViewModel.swift in Sources */ = {isa = PBXBuildFile; fileRef = 966A60AD2F11590D0064F1A9 /* ProfileEditViewModel.swift */; };
		966A60B02F11590D0064F1A9 /* ProfileGateCoordinator.swift in Sources */ = {isa = PBXBuildFile; fileRef = 966A60AE2F11590D0064F1A9 /* ProfileGateCoordinator.swift */; };
		966A60BD2F11596F0064F1A9 /* ProfileEditGolfInfoSection.swift in Sources */ = {isa = PBXBuildFile; fileRef = 966A60BA2F11596F0064F1A9 /* ProfileEditGolfInfoSection.swift */; };
		966A60BF2F11596F0064F1A9 /* ProfileEditBasicInfoSection.swift in Sources */ = {isa = PBXBuildFile; fileRef = 966A60B92F11596F0064F1A9 /* ProfileEditBasicInfoSection.swift */; };
		966A60C02F11596F0064F1A9 /* Tier2GatePopup.swift in Sources */ = {isa = PBXBuildFile; fileRef = 966A60BC2F11596F0064F1A9 /* Tier2GatePopup.swift */; };
		966A60C22F1159850064F1A9 /* ProfilePhotoGrid.swift in Sources */ = {isa = PBXBuildFile; fileRef = 966A60C12F1159850064F1A9 /* ProfilePhotoGrid.swift */; };
		966A60C42F115A7E0064F1A9 /* FirebaseStorage in Frameworks */ = {isa = PBXBuildFile; productRef = 966A60C32F115A7E0064F1A9 /* FirebaseStorage */; };
		966A60C62F116F460064F1A9 /* RoundsRepository.swift in Sources */ = {isa = PBXBuildFile; fileRef = 966A60C52F116F460064F1A9 /* RoundsRepository.swift */; };
		966A60C82F116FAA0064F1A9 /* FirestoreRoundsRepository.swift in Sources */ = {isa = PBXBuildFile; fileRef = 966A60C72F116FAA0064F1A9 /* FirestoreRoundsRepository.swift */; };
		966A60CA2F116FBF0064F1A9 /* CreateRoundViewModel.swift in Sources */ = {isa = PBXBuildFile; fileRef = 966A60C92F116FBF0064F1A9 /* CreateRoundViewModel.swift */; };
		966A60D22F116FE00064F1A9 /* CreateRoundCourseStep.swift in Sources */ = {isa = PBXBuildFile; fileRef = 966A60CC2F116FE00064F1A9 /* CreateRoundCourseStep.swift */; };
		966A60D42F116FE00064F1A9 /* CreateRoundReviewStep.swift in Sources */ = {isa = PBXBuildFile; fileRef = 966A60D02F116FE00064F1A9 /* CreateRoundReviewStep.swift */; };
		966A60D52F116FE00064F1A9 /* CreateRoundFlow.swift in Sources */ = {isa = PBXBuildFile; fileRef = 966A60CF2F116FE00064F1A9 /* CreateRoundFlow.swift */; };
		966A60D62F116FE00064F1A9 /* CreateRoundDetailsStep.swift in Sources */ = {isa = PBXBuildFile; fileRef = 966A60CE2F116FE00064F1A9 /* CreateRoundDetailsStep.swift */; };
		966A60D72F116FE00064F1A9 /* CreateRoundDateTimeStep.swift in Sources */ = {isa = PBXBuildFile; fileRef = 966A60CD2F116FE00064F1A9 /* CreateRoundDateTimeStep.swift */; };
		966A60D92F1170080064F1A9 /* RoundCardView.swift in Sources */ = {isa = PBXBuildFile; fileRef = 966A60D82F1170080064F1A9 /* RoundCardView.swift */; };
		966A60DB2F117AF70064F1A9 /* GolfCourseSearchService.swift in Sources */ = {isa = PBXBuildFile; fileRef = 966A60DA2F117AF70064F1A9 /* GolfCourseSearchService.swift */; };
		966A60DD2F117C670064F1A9 /* RoundsListViewModel.swift in Sources */ = {isa = PBXBuildFile; fileRef = 966A60DC2F117C670064F1A9 /* RoundsListViewModel.swift */; };
		966A60DF2F1180730064F1A9 /* RoundDetailViewModel.swift in Sources */ = {isa = PBXBuildFile; fileRef = 966A60DE2F1180730064F1A9 /* RoundDetailViewModel.swift */; };
		966A60E32F1180A80064F1A9 /* RoundDetailSections.swift in Sources */ = {isa = PBXBuildFile; fileRef = 966A60E12F1180A80064F1A9 /* RoundDetailSections.swift */; };
		966A60E42F1180A80064F1A9 /* RoundDetailMoreSections.swift in Sources */ = {isa = PBXBuildFile; fileRef = 966A60E02F1180A80064F1A9 /* RoundDetailMoreSections.swift */; };
		966A60E52F1180A80064F1A9 /* RoundDetailView.swift in Sources */ = {isa = PBXBuildFile; fileRef = 966A60E22F1180A80064F1A9 /* RoundDetailView.swift */; };
		966A60E72F1199400064F1A9 /* OtherUserProfileViewModel.swift in Sources */ = {isa = PBXBuildFile; fileRef = 966A60E62F1199400064F1A9 /* OtherUserProfileViewModel.swift */; };
		966A60E92F1199550064F1A9 /* OtherUserProfileView.swift in Sources */ = {isa = PBXBuildFile; fileRef = 966A60E82F1199550064F1A9 /* OtherUserProfileView.swift */; };
		966A60EB2F1199770064F1A9 /* EditRoundView.swift in Sources */ = {isa = PBXBuildFile; fileRef = 966A60EA2F1199770064F1A9 /* EditRoundView.swift */; };
		966A60ED2F119C940064F1A9 /* EditRoundViewModel.swift in Sources */ = {isa = PBXBuildFile; fileRef = 966A60EC2F119C940064F1A9 /* EditRoundViewModel.swift */; };
		966A60F02F119CB10064F1A9 /* EditRoundSections.swift in Sources */ = {isa = PBXBuildFile; fileRef = 966A60EE2F119CB10064F1A9 /* EditRoundSections.swift */; };
		966A60F12F119CB10064F1A9 /* RoundDetailMembersSection.swift in Sources */ = {isa = PBXBuildFile; fileRef = 966A60EF2F119CB10064F1A9 /* RoundDetailMembersSection.swift */; };
		966A60F42F119CD90064F1A9 /* RangeSliderView.swift in Sources */ = {isa = PBXBuildFile; fileRef = 966A60F22F119CD90064F1A9 /* RangeSliderView.swift */; };
		966A60F52F119CD90064F1A9 /* SelectableChip.swift in Sources */ = {isa = PBXBuildFile; fileRef = 966A60F32F119CD90064F1A9 /* SelectableChip.swift */; };
		966A60F92F11A51F0064F1A9 /* EditRoundCourseDateSections.swift in Sources */ = {isa = PBXBuildFile; fileRef = 966A60F82F11A51F0064F1A9 /* EditRoundCourseDateSections.swift */; };
		966A60FC2F11AAE90064F1A9 /* MultiSelectChip.swift in Sources */ = {isa = PBXBuildFile; fileRef = 966A60FA2F11AAE90064F1A9 /* MultiSelectChip.swift */; };
		966A60FD2F11AAE90064F1A9 /* SectionCard.swift in Sources */ = {isa = PBXBuildFile; fileRef = 966A60FB2F11AAE90064F1A9 /* SectionCard.swift */; };
		966A60FF2F11ACDC0064F1A9 /* ManualCourseEntrySheet.swift in Sources */ = {isa = PBXBuildFile; fileRef = 966A60FE2F11ACDC0064F1A9 /* ManualCourseEntrySheet.swift */; };
		966A61012F13CAF90064F1A9 /* RoundsFilterSheet.swift in Sources */ = {isa = PBXBuildFile; fileRef = 966A61002F13CAF90064F1A9 /* RoundsFilterSheet.swift */; };
		966A61052F13E2230064F1A9 /* GeoPrecisionPolicy.swift in Sources */ = {isa = PBXBuildFile; fileRef = 966A61042F13E2230064F1A9 /* GeoPrecisionPolicy.swift */; };
		966A61062F13E2230064F1A9 /* DistanceUtil.swift in Sources */ = {isa = PBXBuildFile; fileRef = 966A61022F13E2230064F1A9 /* DistanceUtil.swift */; };
		966A61072F13E2230064F1A9 /* GeoHashUtil.swift in Sources */ = {isa = PBXBuildFile; fileRef = 966A61032F13E2230064F1A9 /* GeoHashUtil.swift */; };
		966A61092F13E2350064F1A9 /* RoundsSearchService.swift in Sources */ = {isa = PBXBuildFile; fileRef = 966A61082F13E2350064F1A9 /* RoundsSearchService.swift */; };
		966A610B2F13E2480064F1A9 /* FirestoreGeoHashRoundsSearchService.swift in Sources */ = {isa = PBXBuildFile; fileRef = 966A610A2F13E2480064F1A9 /* FirestoreGeoHashRoundsSearchService.swift */; };
		966A610D2F13EA170064F1A9 /* FilterSummaryView.swift in Sources */ = {isa = PBXBuildFile; fileRef = 966A610C2F13EA170064F1A9 /* FilterSummaryView.swift */; };
		966A610F2F13EA340064F1A9 /* RoundsEmptyState.swift in Sources */ = {isa = PBXBuildFile; fileRef = 966A610E2F13EA340064F1A9 /* RoundsEmptyState.swift */; };
		966A61112F13FA810064F1A9 /* RoundsSegment.swift in Sources */ = {isa = PBXBuildFile; fileRef = 966A61102F13FA810064F1A9 /* RoundsSegment.swift */; };
		966A61142F13FA920064F1A9 /* ActivityRoundsService.swift in Sources */ = {isa = PBXBuildFile; fileRef = 966A61122F13FA920064F1A9 /* ActivityRoundsService.swift */; };
		966A61152F13FA920064F1A9 /* FollowingRoundsService.swift in Sources */ = {isa = PBXBuildFile; fileRef = 966A61132F13FA920064F1A9 /* FollowingRoundsService.swift */; };
		966A61192F13FAA50064F1A9 /* FirestoreRoundDecoder.swift in Sources */ = {isa = PBXBuildFile; fileRef = 966A61182F13FAA50064F1A9 /* FirestoreRoundDecoder.swift */; };
		966A611A2F13FAA50064F1A9 /* FirestoreFollowingRoundsService.swift in Sources */ = {isa = PBXBuildFile; fileRef = 966A61172F13FAA50064F1A9 /* FirestoreFollowingRoundsService.swift */; };
		966A611B2F13FAA50064F1A9 /* FirestoreActivityRoundsService.swift in Sources */ = {isa = PBXBuildFile; fileRef = 966A61162F13FAA50064F1A9 /* FirestoreActivityRoundsService.swift */; };
		966A611E2F13FABB0064F1A9 /* ActivityRoundsViewModel.swift in Sources */ = {isa = PBXBuildFile; fileRef = 966A611C2F13FABB0064F1A9 /* ActivityRoundsViewModel.swift */; };
		966A611F2F13FABB0064F1A9 /* FollowingRoundsViewModel.swift in Sources */ = {isa = PBXBuildFile; fileRef = 966A611D2F13FABB0064F1A9 /* FollowingRoundsViewModel.swift */; };
		966A61232F13FACF0064F1A9 /* ActivityRoundsView.swift in Sources */ = {isa = PBXBuildFile; fileRef = 966A61202F13FACF0064F1A9 /* ActivityRoundsView.swift */; };
		966A61242F13FACF0064F1A9 /* FollowingRoundsView.swift in Sources */ = {isa = PBXBuildFile; fileRef = 966A61212F13FACF0064F1A9 /* FollowingRoundsView.swift */; };
		966A61252F13FACF0064F1A9 /* NearbyRoundsContent.swift in Sources */ = {isa = PBXBuildFile; fileRef = 966A61222F13FACF0064F1A9 /* NearbyRoundsContent.swift */; };
		966A61292F1415570064F1A9 /* ChatMessage.swift in Sources */ = {isa = PBXBuildFile; fileRef = 966A61282F1415570064F1A9 /* ChatMessage.swift */; };
		966A612B2F1415640064F1A9 /* ChatRepository.swift in Sources */ = {isa = PBXBuildFile; fileRef = 966A612A2F1415640064F1A9 /* ChatRepository.swift */; };
		966A612D2F1415700064F1A9 /* FirestoreChatRepository.swift in Sources */ = {isa = PBXBuildFile; fileRef = 966A612C2F1415700064F1A9 /* FirestoreChatRepository.swift */; };
		966A612F2F1415810064F1A9 /* RoundChatViewModel.swift in Sources */ = {isa = PBXBuildFile; fileRef = 966A612E2F1415810064F1A9 /* RoundChatViewModel.swift */; };
		966A61342F1415950064F1A9 /* RoundChatView.swift in Sources */ = {isa = PBXBuildFile; fileRef = 966A61322F1415950064F1A9 /* RoundChatView.swift */; };
		966A61352F1415950064F1A9 /* ChatComposer.swift in Sources */ = {isa = PBXBuildFile; fileRef = 966A61302F1415950064F1A9 /* ChatComposer.swift */; };
		966A61362F1415950064F1A9 /* ChatMessageRow.swift in Sources */ = {isa = PBXBuildFile; fileRef = 966A61312F1415950064F1A9 /* ChatMessageRow.swift */; };
		966A61382F1418670064F1A9 /* KeyboardDismissModifier.swift in Sources */ = {isa = PBXBuildFile; fileRef = 966A61372F1418670064F1A9 /* KeyboardDismissModifier.swift */; };
		966A613A2F141C210064F1A9 /* RoundsFilterSections.swift in Sources */ = {isa = PBXBuildFile; fileRef = 966A61392F141C210064F1A9 /* RoundsFilterSections.swift */; };
		966A613C2F1420260064F1A9 /* ChatDateSeparator.swift in Sources */ = {isa = PBXBuildFile; fileRef = 966A613B2F1420260064F1A9 /* ChatDateSeparator.swift */; };
		966A613E2F143CA80064F1A9 /* CachedAsyncImage.swift in Sources */ = {isa = PBXBuildFile; fileRef = 966A613D2F143CA80064F1A9 /* CachedAsyncImage.swift */; };
		966A61412F1466A60064F1A9 /* Comment.swift in Sources */ = {isa = PBXBuildFile; fileRef = 966A613F2F1466A60064F1A9 /* Comment.swift */; };
		966A61422F1466A60064F1A9 /* Post.swift in Sources */ = {isa = PBXBuildFile; fileRef = 966A61402F1466A60064F1A9 /* Post.swift */; };
		966A61442F1466B70064F1A9 /* PostsRepository.swift in Sources */ = {isa = PBXBuildFile; fileRef = 966A61432F1466B70064F1A9 /* PostsRepository.swift */; };
		966A61462F1466C50064F1A9 /* FirestorePostsRepository.swift in Sources */ = {isa = PBXBuildFile; fileRef = 966A61452F1466C50064F1A9 /* FirestorePostsRepository.swift */; };
		966A614B2F1466E70064F1A9 /* FeedViewModel.swift in Sources */ = {isa = PBXBuildFile; fileRef = 966A61482F1466E70064F1A9 /* FeedViewModel.swift */; };
		966A614C2F1466E70064F1A9 /* CreatePostViewModel.swift in Sources */ = {isa = PBXBuildFile; fileRef = 966A61472F1466E70064F1A9 /* CreatePostViewModel.swift */; };
		966A614D2F1466E70064F1A9 /* UserPostsViewModel.swift in Sources */ = {isa = PBXBuildFile; fileRef = 966A614A2F1466E70064F1A9 /* UserPostsViewModel.swift */; };
		966A614E2F1466E70064F1A9 /* PostDetailViewModel.swift in Sources */ = {isa = PBXBuildFile; fileRef = 966A61492F1466E70064F1A9 /* PostDetailViewModel.swift */; };
		966A61532F1466F80064F1A9 /* CreatePostView.swift in Sources */ = {isa = PBXBuildFile; fileRef = 966A614F2F1466F80064F1A9 /* CreatePostView.swift */; };
		966A61542F1466F80064F1A9 /* PostDetailView.swift in Sources */ = {isa = PBXBuildFile; fileRef = 966A61512F1466F80064F1A9 /* PostDetailView.swift */; };
		966A61552F1466F80064F1A9 /* FeedView.swift in Sources */ = {isa = PBXBuildFile; fileRef = 966A61502F1466F80064F1A9 /* FeedView.swift */; };
		966A61572F1467080064F1A9 /* UserPostsListView.swift in Sources */ = {isa = PBXBuildFile; fileRef = 966A61562F1467080064F1A9 /* UserPostsListView.swift */; };
		966A615A2F1467170064F1A9 /* FollowersListView.swift in Sources */ = {isa = PBXBuildFile; fileRef = 966A61582F1467170064F1A9 /* FollowersListView.swift */; };
		966A615C2F1467290064F1A9 /* PostCardView.swift in Sources */ = {isa = PBXBuildFile; fileRef = 966A615B2F1467290064F1A9 /* PostCardView.swift */; };
/* End PBXBuildFile section */

/* Begin PBXFileReference section */
		10000000 /* TeePals.app */ = {isa = PBXFileReference; explicitFileType = wrapper.application; includeInIndex = 0; path = TeePals.app; sourceTree = BUILT_PRODUCTS_DIR; };
		10000001 /* TeePalsApp.swift */ = {isa = PBXFileReference; lastKnownFileType = sourcecode.swift; path = TeePalsApp.swift; sourceTree = "<group>"; };
		10000018 /* FirestoreConstants.swift */ = {isa = PBXFileReference; lastKnownFileType = sourcecode.swift; path = FirestoreConstants.swift; sourceTree = "<group>"; };
		10000019 /* Assets.xcassets */ = {isa = PBXFileReference; lastKnownFileType = folder.assetcatalog; path = Assets.xcassets; sourceTree = "<group>"; };
		10000020 /* Info.plist */ = {isa = PBXFileReference; lastKnownFileType = text.plist.xml; path = Info.plist; sourceTree = "<group>"; };
		10000021 /* TeePals.entitlements */ = {isa = PBXFileReference; lastKnownFileType = text.plist.entitlements; path = TeePals.entitlements; sourceTree = "<group>"; };
		9604DC442F15BADC00C7D73F /* FeedCursor.swift */ = {isa = PBXFileReference; lastKnownFileType = sourcecode.swift; path = FeedCursor.swift; sourceTree = "<group>"; };
		9604DC452F15BADC00C7D73F /* FeedScore.swift */ = {isa = PBXFileReference; lastKnownFileType = sourcecode.swift; path = FeedScore.swift; sourceTree = "<group>"; };
		9604DC462F15BADC00C7D73F /* PostStats.swift */ = {isa = PBXFileReference; lastKnownFileType = sourcecode.swift; path = PostStats.swift; sourceTree = "<group>"; };
		9604DC472F15BADC00C7D73F /* UserStats.swift */ = {isa = PBXFileReference; lastKnownFileType = sourcecode.swift; path = UserStats.swift; sourceTree = "<group>"; };
		9604DC482F15BADC00C7D73F /* ViewerContext.swift */ = {isa = PBXFileReference; lastKnownFileType = sourcecode.swift; path = ViewerContext.swift; sourceTree = "<group>"; };
		9604DC4E2F15BAF800C7D73F /* FeedRankingConfig.swift */ = {isa = PBXFileReference; lastKnownFileType = sourcecode.swift; path = FeedRankingConfig.swift; sourceTree = "<group>"; };
		9604DC4F2F15BAF800C7D73F /* FeedRankingService.swift */ = {isa = PBXFileReference; lastKnownFileType = sourcecode.swift; path = FeedRankingService.swift; sourceTree = "<group>"; };
		9604DC522F15D54800C7D73F /* PhotoViewerView.swift */ = {isa = PBXFileReference; lastKnownFileType = sourcecode.swift; path = PhotoViewerView.swift; sourceTree = "<group>"; };
		9604DC542F15E1E400C7D73F /* ProfileIdentitySection.swift */ = {isa = PBXFileReference; lastKnownFileType = sourcecode.swift; path = ProfileIdentitySection.swift; sourceTree = "<group>"; };
		9604DC562F15E1F700C7D73F /* PostsListScreen.swift */ = {isa = PBXFileReference; lastKnownFileType = sourcecode.swift; path = PostsListScreen.swift; sourceTree = "<group>"; };
		9604DC582F15F0A600C7D73F /* BioEditSheet.swift */ = {isa = PBXFileReference; lastKnownFileType = sourcecode.swift; path = BioEditSheet.swift; sourceTree = "<group>"; };
		9604DC5C2F15F8AC00C7D73F /* AboutMeEditSheet.swift */ = {isa = PBXFileReference; lastKnownFileType = sourcecode.swift; path = AboutMeEditSheet.swift; sourceTree = "<group>"; };
		9604DC5D2F15F8AC00C7D73F /* GolfEditSheet.swift */ = {isa = PBXFileReference; lastKnownFileType = sourcecode.swift; path = GolfEditSheet.swift; sourceTree = "<group>"; };
		9604DC5E2F15F8AC00C7D73F /* PhotoEditSheet.swift */ = {isa = PBXFileReference; lastKnownFileType = sourcecode.swift; path = PhotoEditSheet.swift; sourceTree = "<group>"; };
		965BCACF2F183F4D00063CD5 /* InvitedRoundsViewModel.swift */ = {isa = PBXFileReference; lastKnownFileType = sourcecode.swift; path = InvitedRoundsViewModel.swift; sourceTree = "<group>"; };
		965BCAD02F183F4D00063CD5 /* InviteUsersViewModel.swift */ = {isa = PBXFileReference; lastKnownFileType = sourcecode.swift; path = InviteUsersViewModel.swift; sourceTree = "<group>"; };
		965BCAD32F183FAA00063CD5 /* ActivityRoundsViewRefactored.swift */ = {isa = PBXFileReference; lastKnownFileType = sourcecode.swift; path = ActivityRoundsViewRefactored.swift; sourceTree = "<group>"; };
		965BCAD42F183FAA00063CD5 /* InviteUsersSheet.swift */ = {isa = PBXFileReference; lastKnownFileType = sourcecode.swift; path = InviteUsersSheet.swift; sourceTree = "<group>"; };
		965BCAD72F183FB700063CD5 /* InvitedRoundCard.swift */ = {isa = PBXFileReference; lastKnownFileType = sourcecode.swift; path = InvitedRoundCard.swift; sourceTree = "<group>"; };
		965BCAD92F18642C00063CD5 /* Notification.swift */ = {isa = PBXFileReference; lastKnownFileType = sourcecode.swift; path = Notification.swift; sourceTree = "<group>"; };
		965BCADB2F18643900063CD5 /* NotificationsRepository.swift */ = {isa = PBXFileReference; lastKnownFileType = sourcecode.swift; path = NotificationsRepository.swift; sourceTree = "<group>"; };
		965BCADD2F18644A00063CD5 /* FirestoreNotificationsRepository.swift */ = {isa = PBXFileReference; lastKnownFileType = sourcecode.swift; path = FirestoreNotificationsRepository.swift; sourceTree = "<group>"; };
		965BCADF2F18743000063CD5 /* NotificationsViewModel.swift */ = {isa = PBXFileReference; lastKnownFileType = sourcecode.swift; path = NotificationsViewModel.swift; sourceTree = "<group>"; };
		965BCAE12F19A39600063CD5 /* ShareLinkService.swift */ = {isa = PBXFileReference; lastKnownFileType = sourcecode.swift; path = ShareLinkService.swift; sourceTree = "<group>"; };
		965BCAE32F19A3A500063CD5 /* ShareSheet.swift */ = {isa = PBXFileReference; lastKnownFileType = sourcecode.swift; path = ShareSheet.swift; sourceTree = "<group>"; };
		965BCAE52F19A3B600063CD5 /* DeepLinkCoordinator.swift */ = {isa = PBXFileReference; lastKnownFileType = sourcecode.swift; path = DeepLinkCoordinator.swift; sourceTree = "<group>"; };
		965BCAE82F19D5B300063CD5 /* FirestoreUserRepository.swift */ = {isa = PBXFileReference; lastKnownFileType = sourcecode.swift; path = FirestoreUserRepository.swift; sourceTree = "<group>"; };
		965BCAEA2F19D5ED00063CD5 /* UserRepository.swift */ = {isa = PBXFileReference; lastKnownFileType = sourcecode.swift; path = UserRepository.swift; sourceTree = "<group>"; };
		965BCAEC2F19F7B100063CD5 /* RoundFeedback.swift */ = {isa = PBXFileReference; lastKnownFileType = sourcecode.swift; path = RoundFeedback.swift; sourceTree = "<group>"; };
		965BCAEE2F19F7BD00063CD5 /* TrustRepository.swift */ = {isa = PBXFileReference; lastKnownFileType = sourcecode.swift; path = TrustRepository.swift; sourceTree = "<group>"; };
		965BCAF02F19F7C900063CD5 /* FirestoreTrustRepository.swift */ = {isa = PBXFileReference; lastKnownFileType = sourcecode.swift; path = FirestoreTrustRepository.swift; sourceTree = "<group>"; };
		965BCAF22F1A000B00063CD5 /* PostRoundFeedbackViewModel.swift */ = {isa = PBXFileReference; lastKnownFileType = sourcecode.swift; path = PostRoundFeedbackViewModel.swift; sourceTree = "<group>"; };
		965BCAF42F1A002000063CD5 /* PendingFeedbackSection.swift */ = {isa = PBXFileReference; lastKnownFileType = sourcecode.swift; path = PendingFeedbackSection.swift; sourceTree = "<group>"; };
		965BCAF52F1A002000063CD5 /* PostRoundFeedbackView.swift */ = {isa = PBXFileReference; lastKnownFileType = sourcecode.swift; path = PostRoundFeedbackView.swift; sourceTree = "<group>"; };
		965BCAF92F1A015200063CD5 /* TestDataHelper.swift */ = {isa = PBXFileReference; lastKnownFileType = sourcecode.swift; path = TestDataHelper.swift; sourceTree = "<group>"; };
		965BCAFB2F1A016300063CD5 /* TestDataSection.swift */ = {isa = PBXFileReference; lastKnownFileType = sourcecode.swift; path = TestDataSection.swift; sourceTree = "<group>"; };
		965BCAFE2F1C553E00063CD5 /* PreviewTestFile.swift */ = {isa = PBXFileReference; lastKnownFileType = sourcecode.swift; path = PreviewTestFile.swift; sourceTree = "<group>"; };
		965BCB002F21A6CE00063CD5 /* AdvancedTextEditor.swift */ = {isa = PBXFileReference; lastKnownFileType = sourcecode.swift; path = AdvancedTextEditor.swift; sourceTree = "<group>"; };
		965BCB022F21C2CB00063CD5 /* CommentComposer.swift */ = {isa = PBXFileReference; lastKnownFileType = sourcecode.swift; path = CommentComposer.swift; sourceTree = "<group>"; };
		965BCB042F21C44800063CD5 /* CommentRowView.swift */ = {isa = PBXFileReference; lastKnownFileType = sourcecode.swift; path = CommentRowView.swift; sourceTree = "<group>"; };
		965BCB062F21C47E00063CD5 /* RoundedCornerShape.swift */ = {isa = PBXFileReference; lastKnownFileType = sourcecode.swift; path = RoundedCornerShape.swift; sourceTree = "<group>"; };
		966A5FC52F10EE420064F1A9 /* GoogleService-Info.plist */ = {isa = PBXFileReference; lastKnownFileType = text.plist.xml; path = "GoogleService-Info.plist"; sourceTree = "<group>"; };
		966A60312F11330F0064F1A9 /* AppContainer.swift */ = {isa = PBXFileReference; lastKnownFileType = sourcecode.swift; path = AppContainer.swift; sourceTree = "<group>"; };
		966A60332F11330F0064F1A9 /* FirestoreProfileRepository.swift */ = {isa = PBXFileReference; lastKnownFileType = sourcecode.swift; path = FirestoreProfileRepository.swift; sourceTree = "<group>"; };
		966A60342F11330F0064F1A9 /* FirestoreSocialRepository.swift */ = {isa = PBXFileReference; lastKnownFileType = sourcecode.swift; path = FirestoreSocialRepository.swift; sourceTree = "<group>"; };
		966A60362F11330F0064F1A9 /* BlockedUser.swift */ = {isa = PBXFileReference; lastKnownFileType = sourcecode.swift; path = BlockedUser.swift; sourceTree = "<group>"; };
		966A60372F11330F0064F1A9 /* Message.swift */ = {isa = PBXFileReference; lastKnownFileType = sourcecode.swift; path = Message.swift; sourceTree = "<group>"; };
		966A60382F11330F0064F1A9 /* PrivateProfile.swift */ = {isa = PBXFileReference; lastKnownFileType = sourcecode.swift; path = PrivateProfile.swift; sourceTree = "<group>"; };
		966A60392F11330F0064F1A9 /* ProfileCompletionLevel.swift */ = {isa = PBXFileReference; lastKnownFileType = sourcecode.swift; path = ProfileCompletionLevel.swift; sourceTree = "<group>"; };
		966A603A2F11330F0064F1A9 /* PublicProfile.swift */ = {isa = PBXFileReference; lastKnownFileType = sourcecode.swift; path = PublicProfile.swift; sourceTree = "<group>"; };
		966A603B2F11330F0064F1A9 /* Round.swift */ = {isa = PBXFileReference; lastKnownFileType = sourcecode.swift; path = Round.swift; sourceTree = "<group>"; };
		966A603C2F11330F0064F1A9 /* RoundMember.swift */ = {isa = PBXFileReference; lastKnownFileType = sourcecode.swift; path = RoundMember.swift; sourceTree = "<group>"; };
		966A603D2F11330F0064F1A9 /* User.swift */ = {isa = PBXFileReference; lastKnownFileType = sourcecode.swift; path = User.swift; sourceTree = "<group>"; };
		966A603F2F11330F0064F1A9 /* ProfileRepository.swift */ = {isa = PBXFileReference; lastKnownFileType = sourcecode.swift; path = ProfileRepository.swift; sourceTree = "<group>"; };
		966A60402F11330F0064F1A9 /* SocialRepository.swift */ = {isa = PBXFileReference; lastKnownFileType = sourcecode.swift; path = SocialRepository.swift; sourceTree = "<group>"; };
		966A60422F11330F0064F1A9 /* AuthService.swift */ = {isa = PBXFileReference; lastKnownFileType = sourcecode.swift; path = AuthService.swift; sourceTree = "<group>"; };
		966A60432F11330F0064F1A9 /* LocationService.swift */ = {isa = PBXFileReference; lastKnownFileType = sourcecode.swift; path = LocationService.swift; sourceTree = "<group>"; };
		966A60462F11330F0064F1A9 /* PublicProfileCardView.swift */ = {isa = PBXFileReference; lastKnownFileType = sourcecode.swift; path = PublicProfileCardView.swift; sourceTree = "<group>"; };
		966A60482F11330F0064F1A9 /* ProfileGateViewModel.swift */ = {isa = PBXFileReference; lastKnownFileType = sourcecode.swift; path = ProfileGateViewModel.swift; sourceTree = "<group>"; };
		966A60492F11330F0064F1A9 /* ProfileSetupViewModel.swift */ = {isa = PBXFileReference; lastKnownFileType = sourcecode.swift; path = ProfileSetupViewModel.swift; sourceTree = "<group>"; };
		966A604A2F11330F0064F1A9 /* ProfileViewModel.swift */ = {isa = PBXFileReference; lastKnownFileType = sourcecode.swift; path = ProfileViewModel.swift; sourceTree = "<group>"; };
		966A604C2F11330F0064F1A9 /* AuthView.swift */ = {isa = PBXFileReference; lastKnownFileType = sourcecode.swift; path = AuthView.swift; sourceTree = "<group>"; };
		966A604E2F11330F0064F1A9 /* HomeView.swift */ = {isa = PBXFileReference; lastKnownFileType = sourcecode.swift; path = HomeView.swift; sourceTree = "<group>"; };
		966A60502F11330F0064F1A9 /* MainTabView.swift */ = {isa = PBXFileReference; lastKnownFileType = sourcecode.swift; path = MainTabView.swift; sourceTree = "<group>"; };
		966A60522F11330F0064F1A9 /* NotificationsView.swift */ = {isa = PBXFileReference; lastKnownFileType = sourcecode.swift; path = NotificationsView.swift; sourceTree = "<group>"; };
		966A60542F11330F0064F1A9 /* ProfileGateView.swift */ = {isa = PBXFileReference; lastKnownFileType = sourcecode.swift; path = ProfileGateView.swift; sourceTree = "<group>"; };
		966A60552F11330F0064F1A9 /* ProfileSetupView.swift */ = {isa = PBXFileReference; lastKnownFileType = sourcecode.swift; path = ProfileSetupView.swift; sourceTree = "<group>"; };
		966A60562F11330F0064F1A9 /* ProfileView.swift */ = {isa = PBXFileReference; lastKnownFileType = sourcecode.swift; path = ProfileView.swift; sourceTree = "<group>"; };
		966A60582F11330F0064F1A9 /* RoundsView.swift */ = {isa = PBXFileReference; lastKnownFileType = sourcecode.swift; path = RoundsView.swift; sourceTree = "<group>"; };
		966A605A2F11330F0064F1A9 /* LaunchScreenView.swift */ = {isa = PBXFileReference; lastKnownFileType = sourcecode.swift; path = LaunchScreenView.swift; sourceTree = "<group>"; };
		966A605B2F11330F0064F1A9 /* RootView.swift */ = {isa = PBXFileReference; lastKnownFileType = sourcecode.swift; path = RootView.swift; sourceTree = "<group>"; };
		966A607B2F11360E0064F1A9 /* Tier1OnboardingViewModel.swift */ = {isa = PBXFileReference; lastKnownFileType = sourcecode.swift; path = Tier1OnboardingViewModel.swift; sourceTree = "<group>"; };
		966A60872F1136440064F1A9 /* BirthdateStepView.swift */ = {isa = PBXFileReference; lastKnownFileType = sourcecode.swift; path = BirthdateStepView.swift; sourceTree = "<group>"; };
		966A60882F1136440064F1A9 /* GenderStepView.swift */ = {isa = PBXFileReference; lastKnownFileType = sourcecode.swift; path = GenderStepView.swift; sourceTree = "<group>"; };
		966A60892F1136440064F1A9 /* LocationStepView.swift */ = {isa = PBXFileReference; lastKnownFileType = sourcecode.swift; path = LocationStepView.swift; sourceTree = "<group>"; };
		966A608A2F1136440064F1A9 /* NicknameStepView.swift */ = {isa = PBXFileReference; lastKnownFileType = sourcecode.swift; path = NicknameStepView.swift; sourceTree = "<group>"; };
		966A608B2F1136440064F1A9 /* Tier1OnboardingFlow.swift */ = {isa = PBXFileReference; lastKnownFileType = sourcecode.swift; path = Tier1OnboardingFlow.swift; sourceTree = "<group>"; };
		966A60922F1146770064F1A9 /* AppBanners.swift */ = {isa = PBXFileReference; lastKnownFileType = sourcecode.swift; path = AppBanners.swift; sourceTree = "<group>"; };
		966A60932F1146770064F1A9 /* AppButtons.swift */ = {isa = PBXFileReference; lastKnownFileType = sourcecode.swift; path = AppButtons.swift; sourceTree = "<group>"; };
		966A60942F1146770064F1A9 /* AppCard.swift */ = {isa = PBXFileReference; lastKnownFileType = sourcecode.swift; path = AppCard.swift; sourceTree = "<group>"; };
		966A60952F1146770064F1A9 /* AppColors.swift */ = {isa = PBXFileReference; lastKnownFileType = sourcecode.swift; path = AppColors.swift; sourceTree = "<group>"; };
		966A60962F1146770064F1A9 /* AppSpacing.swift */ = {isa = PBXFileReference; lastKnownFileType = sourcecode.swift; path = AppSpacing.swift; sourceTree = "<group>"; };
		966A60972F1146770064F1A9 /* AppTextField.swift */ = {isa = PBXFileReference; lastKnownFileType = sourcecode.swift; path = AppTextField.swift; sourceTree = "<group>"; };
		966A60982F1146770064F1A9 /* AppTypography.swift */ = {isa = PBXFileReference; lastKnownFileType = sourcecode.swift; path = AppTypography.swift; sourceTree = "<group>"; };
		966A60A12F11484E0064F1A9 /* EmptyStateView.swift */ = {isa = PBXFileReference; lastKnownFileType = sourcecode.swift; path = EmptyStateView.swift; sourceTree = "<group>"; };
		966A60A22F11484E0064F1A9 /* SkeletonViews.swift */ = {isa = PBXFileReference; lastKnownFileType = sourcecode.swift; path = SkeletonViews.swift; sourceTree = "<group>"; };
		966A60A52F1151C80064F1A9 /* CitySearchSheet.swift */ = {isa = PBXFileReference; lastKnownFileType = sourcecode.swift; path = CitySearchSheet.swift; sourceTree = "<group>"; };
		966A60A62F1151C80064F1A9 /* FormFieldRow.swift */ = {isa = PBXFileReference; lastKnownFileType = sourcecode.swift; path = FormFieldRow.swift; sourceTree = "<group>"; };
		966A60A72F1151C80064F1A9 /* LocationFieldView.swift */ = {isa = PBXFileReference; lastKnownFileType = sourcecode.swift; path = LocationFieldView.swift; sourceTree = "<group>"; };
		966A60AB2F1158FF0064F1A9 /* StorageService.swift */ = {isa = PBXFileReference; lastKnownFileType = sourcecode.swift; path = StorageService.swift; sourceTree = "<group>"; };
		966A60AD2F11590D0064F1A9 /* ProfileEditViewModel.swift */ = {isa = PBXFileReference; lastKnownFileType = sourcecode.swift; path = ProfileEditViewModel.swift; sourceTree = "<group>"; };
		966A60AE2F11590D0064F1A9 /* ProfileGateCoordinator.swift */ = {isa = PBXFileReference; lastKnownFileType = sourcecode.swift; path = ProfileGateCoordinator.swift; sourceTree = "<group>"; };
		966A60B92F11596F0064F1A9 /* ProfileEditBasicInfoSection.swift */ = {isa = PBXFileReference; lastKnownFileType = sourcecode.swift; path = ProfileEditBasicInfoSection.swift; sourceTree = "<group>"; };
		966A60BA2F11596F0064F1A9 /* ProfileEditGolfInfoSection.swift */ = {isa = PBXFileReference; lastKnownFileType = sourcecode.swift; path = ProfileEditGolfInfoSection.swift; sourceTree = "<group>"; };
		966A60BC2F11596F0064F1A9 /* Tier2GatePopup.swift */ = {isa = PBXFileReference; lastKnownFileType = sourcecode.swift; path = Tier2GatePopup.swift; sourceTree = "<group>"; };
		966A60C12F1159850064F1A9 /* ProfilePhotoGrid.swift */ = {isa = PBXFileReference; lastKnownFileType = sourcecode.swift; path = ProfilePhotoGrid.swift; sourceTree = "<group>"; };
		966A60C52F116F460064F1A9 /* RoundsRepository.swift */ = {isa = PBXFileReference; lastKnownFileType = sourcecode.swift; path = RoundsRepository.swift; sourceTree = "<group>"; };
		966A60C72F116FAA0064F1A9 /* FirestoreRoundsRepository.swift */ = {isa = PBXFileReference; lastKnownFileType = sourcecode.swift; path = FirestoreRoundsRepository.swift; sourceTree = "<group>"; };
		966A60C92F116FBF0064F1A9 /* CreateRoundViewModel.swift */ = {isa = PBXFileReference; lastKnownFileType = sourcecode.swift; path = CreateRoundViewModel.swift; sourceTree = "<group>"; };
		966A60CC2F116FE00064F1A9 /* CreateRoundCourseStep.swift */ = {isa = PBXFileReference; lastKnownFileType = sourcecode.swift; path = CreateRoundCourseStep.swift; sourceTree = "<group>"; };
		966A60CD2F116FE00064F1A9 /* CreateRoundDateTimeStep.swift */ = {isa = PBXFileReference; lastKnownFileType = sourcecode.swift; path = CreateRoundDateTimeStep.swift; sourceTree = "<group>"; };
		966A60CE2F116FE00064F1A9 /* CreateRoundDetailsStep.swift */ = {isa = PBXFileReference; lastKnownFileType = sourcecode.swift; path = CreateRoundDetailsStep.swift; sourceTree = "<group>"; };
		966A60CF2F116FE00064F1A9 /* CreateRoundFlow.swift */ = {isa = PBXFileReference; lastKnownFileType = sourcecode.swift; path = CreateRoundFlow.swift; sourceTree = "<group>"; };
		966A60D02F116FE00064F1A9 /* CreateRoundReviewStep.swift */ = {isa = PBXFileReference; lastKnownFileType = sourcecode.swift; path = CreateRoundReviewStep.swift; sourceTree = "<group>"; };
		966A60D82F1170080064F1A9 /* RoundCardView.swift */ = {isa = PBXFileReference; lastKnownFileType = sourcecode.swift; path = RoundCardView.swift; sourceTree = "<group>"; };
		966A60DA2F117AF70064F1A9 /* GolfCourseSearchService.swift */ = {isa = PBXFileReference; lastKnownFileType = sourcecode.swift; path = GolfCourseSearchService.swift; sourceTree = "<group>"; };
		966A60DC2F117C670064F1A9 /* RoundsListViewModel.swift */ = {isa = PBXFileReference; lastKnownFileType = sourcecode.swift; path = RoundsListViewModel.swift; sourceTree = "<group>"; };
		966A60DE2F1180730064F1A9 /* RoundDetailViewModel.swift */ = {isa = PBXFileReference; lastKnownFileType = sourcecode.swift; path = RoundDetailViewModel.swift; sourceTree = "<group>"; };
		966A60E02F1180A80064F1A9 /* RoundDetailMoreSections.swift */ = {isa = PBXFileReference; lastKnownFileType = sourcecode.swift; path = RoundDetailMoreSections.swift; sourceTree = "<group>"; };
		966A60E12F1180A80064F1A9 /* RoundDetailSections.swift */ = {isa = PBXFileReference; lastKnownFileType = sourcecode.swift; path = RoundDetailSections.swift; sourceTree = "<group>"; };
		966A60E22F1180A80064F1A9 /* RoundDetailView.swift */ = {isa = PBXFileReference; lastKnownFileType = sourcecode.swift; path = RoundDetailView.swift; sourceTree = "<group>"; };
		966A60E62F1199400064F1A9 /* OtherUserProfileViewModel.swift */ = {isa = PBXFileReference; lastKnownFileType = sourcecode.swift; path = OtherUserProfileViewModel.swift; sourceTree = "<group>"; };
		966A60E82F1199550064F1A9 /* OtherUserProfileView.swift */ = {isa = PBXFileReference; lastKnownFileType = sourcecode.swift; path = OtherUserProfileView.swift; sourceTree = "<group>"; };
		966A60EA2F1199770064F1A9 /* EditRoundView.swift */ = {isa = PBXFileReference; lastKnownFileType = sourcecode.swift; path = EditRoundView.swift; sourceTree = "<group>"; };
		966A60EC2F119C940064F1A9 /* EditRoundViewModel.swift */ = {isa = PBXFileReference; lastKnownFileType = sourcecode.swift; path = EditRoundViewModel.swift; sourceTree = "<group>"; };
		966A60EE2F119CB10064F1A9 /* EditRoundSections.swift */ = {isa = PBXFileReference; lastKnownFileType = sourcecode.swift; path = EditRoundSections.swift; sourceTree = "<group>"; };
		966A60EF2F119CB10064F1A9 /* RoundDetailMembersSection.swift */ = {isa = PBXFileReference; lastKnownFileType = sourcecode.swift; path = RoundDetailMembersSection.swift; sourceTree = "<group>"; };
		966A60F22F119CD90064F1A9 /* RangeSliderView.swift */ = {isa = PBXFileReference; lastKnownFileType = sourcecode.swift; path = RangeSliderView.swift; sourceTree = "<group>"; };
		966A60F32F119CD90064F1A9 /* SelectableChip.swift */ = {isa = PBXFileReference; lastKnownFileType = sourcecode.swift; path = SelectableChip.swift; sourceTree = "<group>"; };
		966A60F82F11A51F0064F1A9 /* EditRoundCourseDateSections.swift */ = {isa = PBXFileReference; lastKnownFileType = sourcecode.swift; path = EditRoundCourseDateSections.swift; sourceTree = "<group>"; };
		966A60FA2F11AAE90064F1A9 /* MultiSelectChip.swift */ = {isa = PBXFileReference; lastKnownFileType = sourcecode.swift; path = MultiSelectChip.swift; sourceTree = "<group>"; };
		966A60FB2F11AAE90064F1A9 /* SectionCard.swift */ = {isa = PBXFileReference; lastKnownFileType = sourcecode.swift; path = SectionCard.swift; sourceTree = "<group>"; };
		966A60FE2F11ACDC0064F1A9 /* ManualCourseEntrySheet.swift */ = {isa = PBXFileReference; lastKnownFileType = sourcecode.swift; path = ManualCourseEntrySheet.swift; sourceTree = "<group>"; };
		966A61002F13CAF90064F1A9 /* RoundsFilterSheet.swift */ = {isa = PBXFileReference; lastKnownFileType = sourcecode.swift; path = RoundsFilterSheet.swift; sourceTree = "<group>"; };
		966A61022F13E2230064F1A9 /* DistanceUtil.swift */ = {isa = PBXFileReference; lastKnownFileType = sourcecode.swift; path = DistanceUtil.swift; sourceTree = "<group>"; };
		966A61032F13E2230064F1A9 /* GeoHashUtil.swift */ = {isa = PBXFileReference; lastKnownFileType = sourcecode.swift; path = GeoHashUtil.swift; sourceTree = "<group>"; };
		966A61042F13E2230064F1A9 /* GeoPrecisionPolicy.swift */ = {isa = PBXFileReference; lastKnownFileType = sourcecode.swift; path = GeoPrecisionPolicy.swift; sourceTree = "<group>"; };
		966A61082F13E2350064F1A9 /* RoundsSearchService.swift */ = {isa = PBXFileReference; lastKnownFileType = sourcecode.swift; path = RoundsSearchService.swift; sourceTree = "<group>"; };
		966A610A2F13E2480064F1A9 /* FirestoreGeoHashRoundsSearchService.swift */ = {isa = PBXFileReference; lastKnownFileType = sourcecode.swift; path = FirestoreGeoHashRoundsSearchService.swift; sourceTree = "<group>"; };
		966A610C2F13EA170064F1A9 /* FilterSummaryView.swift */ = {isa = PBXFileReference; lastKnownFileType = sourcecode.swift; path = FilterSummaryView.swift; sourceTree = "<group>"; };
		966A610E2F13EA340064F1A9 /* RoundsEmptyState.swift */ = {isa = PBXFileReference; lastKnownFileType = sourcecode.swift; path = RoundsEmptyState.swift; sourceTree = "<group>"; };
		966A61102F13FA810064F1A9 /* RoundsSegment.swift */ = {isa = PBXFileReference; lastKnownFileType = sourcecode.swift; path = RoundsSegment.swift; sourceTree = "<group>"; };
		966A61122F13FA920064F1A9 /* ActivityRoundsService.swift */ = {isa = PBXFileReference; lastKnownFileType = sourcecode.swift; path = ActivityRoundsService.swift; sourceTree = "<group>"; };
		966A61132F13FA920064F1A9 /* FollowingRoundsService.swift */ = {isa = PBXFileReference; lastKnownFileType = sourcecode.swift; path = FollowingRoundsService.swift; sourceTree = "<group>"; };
		966A61162F13FAA50064F1A9 /* FirestoreActivityRoundsService.swift */ = {isa = PBXFileReference; lastKnownFileType = sourcecode.swift; path = FirestoreActivityRoundsService.swift; sourceTree = "<group>"; };
		966A61172F13FAA50064F1A9 /* FirestoreFollowingRoundsService.swift */ = {isa = PBXFileReference; lastKnownFileType = sourcecode.swift; path = FirestoreFollowingRoundsService.swift; sourceTree = "<group>"; };
		966A61182F13FAA50064F1A9 /* FirestoreRoundDecoder.swift */ = {isa = PBXFileReference; lastKnownFileType = sourcecode.swift; path = FirestoreRoundDecoder.swift; sourceTree = "<group>"; };
		966A611C2F13FABB0064F1A9 /* ActivityRoundsViewModel.swift */ = {isa = PBXFileReference; lastKnownFileType = sourcecode.swift; path = ActivityRoundsViewModel.swift; sourceTree = "<group>"; };
		966A611D2F13FABB0064F1A9 /* FollowingRoundsViewModel.swift */ = {isa = PBXFileReference; lastKnownFileType = sourcecode.swift; path = FollowingRoundsViewModel.swift; sourceTree = "<group>"; };
		966A61202F13FACF0064F1A9 /* ActivityRoundsView.swift */ = {isa = PBXFileReference; lastKnownFileType = sourcecode.swift; path = ActivityRoundsView.swift; sourceTree = "<group>"; };
		966A61212F13FACF0064F1A9 /* FollowingRoundsView.swift */ = {isa = PBXFileReference; lastKnownFileType = sourcecode.swift; path = FollowingRoundsView.swift; sourceTree = "<group>"; };
		966A61222F13FACF0064F1A9 /* NearbyRoundsContent.swift */ = {isa = PBXFileReference; lastKnownFileType = sourcecode.swift; path = NearbyRoundsContent.swift; sourceTree = "<group>"; };
		966A61282F1415570064F1A9 /* ChatMessage.swift */ = {isa = PBXFileReference; lastKnownFileType = sourcecode.swift; path = ChatMessage.swift; sourceTree = "<group>"; };
		966A612A2F1415640064F1A9 /* ChatRepository.swift */ = {isa = PBXFileReference; lastKnownFileType = sourcecode.swift; path = ChatRepository.swift; sourceTree = "<group>"; };
		966A612C2F1415700064F1A9 /* FirestoreChatRepository.swift */ = {isa = PBXFileReference; lastKnownFileType = sourcecode.swift; path = FirestoreChatRepository.swift; sourceTree = "<group>"; };
		966A612E2F1415810064F1A9 /* RoundChatViewModel.swift */ = {isa = PBXFileReference; lastKnownFileType = sourcecode.swift; path = RoundChatViewModel.swift; sourceTree = "<group>"; };
		966A61302F1415950064F1A9 /* ChatComposer.swift */ = {isa = PBXFileReference; lastKnownFileType = sourcecode.swift; path = ChatComposer.swift; sourceTree = "<group>"; };
		966A61312F1415950064F1A9 /* ChatMessageRow.swift */ = {isa = PBXFileReference; lastKnownFileType = sourcecode.swift; path = ChatMessageRow.swift; sourceTree = "<group>"; };
		966A61322F1415950064F1A9 /* RoundChatView.swift */ = {isa = PBXFileReference; lastKnownFileType = sourcecode.swift; path = RoundChatView.swift; sourceTree = "<group>"; };
		966A61372F1418670064F1A9 /* KeyboardDismissModifier.swift */ = {isa = PBXFileReference; lastKnownFileType = sourcecode.swift; path = KeyboardDismissModifier.swift; sourceTree = "<group>"; };
		966A61392F141C210064F1A9 /* RoundsFilterSections.swift */ = {isa = PBXFileReference; lastKnownFileType = sourcecode.swift; path = RoundsFilterSections.swift; sourceTree = "<group>"; };
		966A613B2F1420260064F1A9 /* ChatDateSeparator.swift */ = {isa = PBXFileReference; lastKnownFileType = sourcecode.swift; path = ChatDateSeparator.swift; sourceTree = "<group>"; };
		966A613D2F143CA80064F1A9 /* CachedAsyncImage.swift */ = {isa = PBXFileReference; lastKnownFileType = sourcecode.swift; path = CachedAsyncImage.swift; sourceTree = "<group>"; };
		966A613F2F1466A60064F1A9 /* Comment.swift */ = {isa = PBXFileReference; lastKnownFileType = sourcecode.swift; path = Comment.swift; sourceTree = "<group>"; };
		966A61402F1466A60064F1A9 /* Post.swift */ = {isa = PBXFileReference; lastKnownFileType = sourcecode.swift; path = Post.swift; sourceTree = "<group>"; };
		966A61432F1466B70064F1A9 /* PostsRepository.swift */ = {isa = PBXFileReference; lastKnownFileType = sourcecode.swift; path = PostsRepository.swift; sourceTree = "<group>"; };
		966A61452F1466C50064F1A9 /* FirestorePostsRepository.swift */ = {isa = PBXFileReference; lastKnownFileType = sourcecode.swift; path = FirestorePostsRepository.swift; sourceTree = "<group>"; };
		966A61472F1466E70064F1A9 /* CreatePostViewModel.swift */ = {isa = PBXFileReference; lastKnownFileType = sourcecode.swift; path = CreatePostViewModel.swift; sourceTree = "<group>"; };
		966A61482F1466E70064F1A9 /* FeedViewModel.swift */ = {isa = PBXFileReference; lastKnownFileType = sourcecode.swift; path = FeedViewModel.swift; sourceTree = "<group>"; };
		966A61492F1466E70064F1A9 /* PostDetailViewModel.swift */ = {isa = PBXFileReference; lastKnownFileType = sourcecode.swift; path = PostDetailViewModel.swift; sourceTree = "<group>"; };
		966A614A2F1466E70064F1A9 /* UserPostsViewModel.swift */ = {isa = PBXFileReference; lastKnownFileType = sourcecode.swift; path = UserPostsViewModel.swift; sourceTree = "<group>"; };
		966A614F2F1466F80064F1A9 /* CreatePostView.swift */ = {isa = PBXFileReference; lastKnownFileType = sourcecode.swift; path = CreatePostView.swift; sourceTree = "<group>"; };
		966A61502F1466F80064F1A9 /* FeedView.swift */ = {isa = PBXFileReference; lastKnownFileType = sourcecode.swift; path = FeedView.swift; sourceTree = "<group>"; };
		966A61512F1466F80064F1A9 /* PostDetailView.swift */ = {isa = PBXFileReference; lastKnownFileType = sourcecode.swift; path = PostDetailView.swift; sourceTree = "<group>"; };
		966A61562F1467080064F1A9 /* UserPostsListView.swift */ = {isa = PBXFileReference; lastKnownFileType = sourcecode.swift; path = UserPostsListView.swift; sourceTree = "<group>"; };
		966A61582F1467170064F1A9 /* FollowersListView.swift */ = {isa = PBXFileReference; lastKnownFileType = sourcecode.swift; path = FollowersListView.swift; sourceTree = "<group>"; };
		966A615B2F1467290064F1A9 /* PostCardView.swift */ = {isa = PBXFileReference; lastKnownFileType = sourcecode.swift; path = PostCardView.swift; sourceTree = "<group>"; };
/* End PBXFileReference section */

/* Begin PBXFrameworksBuildPhase section */
		30000001 /* Frameworks */ = {
			isa = PBXFrameworksBuildPhase;
			buildActionMask = 2147483647;
			files = (
				00000020 /* FirebaseAuth in Frameworks */,
				966A60C42F115A7E0064F1A9 /* FirebaseStorage in Frameworks */,
				00000021 /* FirebaseFirestore in Frameworks */,
				966A5FC42F0FF7050064F1A9 /* FirebaseAnalytics in Frameworks */,
			);
			runOnlyForDeploymentPostprocessing = 0;
		};
/* End PBXFrameworksBuildPhase section */

/* Begin PBXGroup section */
		40000000 = {
			isa = PBXGroup;
			children = (
				40000001 /* TeePals */,
				40000010 /* Products */,
			);
			sourceTree = "<group>";
		};
		40000001 /* TeePals */ = {
			isa = PBXGroup;
			children = (
				965BCAE62F19A3B600063CD5 /* Coordinators */,
				966A60992F1146770064F1A9 /* UIFoundation */,
				966A60322F11330F0064F1A9 /* App */,
				966A60352F11330F0064F1A9 /* FirebaseRepositories */,
				966A603E2F11330F0064F1A9 /* Models */,
				966A60412F11330F0064F1A9 /* Repositories */,
				966A60442F11330F0064F1A9 /* Services */,
				966A60472F11330F0064F1A9 /* UIComponents */,
				966A604B2F11330F0064F1A9 /* ViewModels */,
				966A605C2F11330F0064F1A9 /* Views */,
				40000008 /* Utilities */,
				40000009 /* Resources */,
				966A5FC52F10EE420064F1A9 /* GoogleService-Info.plist */,
				10000001 /* TeePalsApp.swift */,
				10000020 /* Info.plist */,
				10000021 /* TeePals.entitlements */,
			);
			path = TeePals;
			sourceTree = "<group>";
		};
		40000008 /* Utilities */ = {
			isa = PBXGroup;
			children = (
				965BCAF92F1A015200063CD5 /* TestDataHelper.swift */,
				966A61022F13E2230064F1A9 /* DistanceUtil.swift */,
				966A61032F13E2230064F1A9 /* GeoHashUtil.swift */,
				966A61042F13E2230064F1A9 /* GeoPrecisionPolicy.swift */,
				10000018 /* FirestoreConstants.swift */,
			);
			path = Utilities;
			sourceTree = "<group>";
		};
		40000009 /* Resources */ = {
			isa = PBXGroup;
			children = (
				10000019 /* Assets.xcassets */,
			);
			path = Resources;
			sourceTree = "<group>";
		};
		40000010 /* Products */ = {
			isa = PBXGroup;
			children = (
				10000000 /* TeePals.app */,
			);
			name = Products;
			sourceTree = "<group>";
		};
		965BCAE62F19A3B600063CD5 /* Coordinators */ = {
			isa = PBXGroup;
			children = (
				965BCAE52F19A3B600063CD5 /* DeepLinkCoordinator.swift */,
			);
			path = Coordinators;
			sourceTree = "<group>";
		};
		965BCAF62F1A002000063CD5 /* Feedback */ = {
			isa = PBXGroup;
			children = (
				965BCAF42F1A002000063CD5 /* PendingFeedbackSection.swift */,
				965BCAF52F1A002000063CD5 /* PostRoundFeedbackView.swift */,
			);
			path = Feedback;
			sourceTree = "<group>";
		};
		965BCAFC2F1A016300063CD5 /* Testing */ = {
			isa = PBXGroup;
			children = (
				965BCAFE2F1C553E00063CD5 /* PreviewTestFile.swift */,
				965BCAFB2F1A016300063CD5 /* TestDataSection.swift */,
			);
			path = Testing;
			sourceTree = "<group>";
		};
		966A60322F11330F0064F1A9 /* App */ = {
			isa = PBXGroup;
			children = (
				966A60312F11330F0064F1A9 /* AppContainer.swift */,
			);
			path = App;
			sourceTree = "<group>";
		};
		966A60352F11330F0064F1A9 /* FirebaseRepositories */ = {
			isa = PBXGroup;
			children = (
				965BCAF02F19F7C900063CD5 /* FirestoreTrustRepository.swift */,
				965BCAE82F19D5B300063CD5 /* FirestoreUserRepository.swift */,
				965BCADD2F18644A00063CD5 /* FirestoreNotificationsRepository.swift */,
				966A61452F1466C50064F1A9 /* FirestorePostsRepository.swift */,
				966A612C2F1415700064F1A9 /* FirestoreChatRepository.swift */,
				966A61162F13FAA50064F1A9 /* FirestoreActivityRoundsService.swift */,
				966A61172F13FAA50064F1A9 /* FirestoreFollowingRoundsService.swift */,
				966A61182F13FAA50064F1A9 /* FirestoreRoundDecoder.swift */,
				966A610A2F13E2480064F1A9 /* FirestoreGeoHashRoundsSearchService.swift */,
				966A60C72F116FAA0064F1A9 /* FirestoreRoundsRepository.swift */,
				966A60332F11330F0064F1A9 /* FirestoreProfileRepository.swift */,
				966A60342F11330F0064F1A9 /* FirestoreSocialRepository.swift */,
			);
			path = FirebaseRepositories;
			sourceTree = "<group>";
		};
		966A603E2F11330F0064F1A9 /* Models */ = {
			isa = PBXGroup;
			children = (
				965BCAEC2F19F7B100063CD5 /* RoundFeedback.swift */,
				965BCAD92F18642C00063CD5 /* Notification.swift */,
				9604DC442F15BADC00C7D73F /* FeedCursor.swift */,
				9604DC452F15BADC00C7D73F /* FeedScore.swift */,
				9604DC462F15BADC00C7D73F /* PostStats.swift */,
				9604DC472F15BADC00C7D73F /* UserStats.swift */,
				9604DC482F15BADC00C7D73F /* ViewerContext.swift */,
				966A613F2F1466A60064F1A9 /* Comment.swift */,
				966A61402F1466A60064F1A9 /* Post.swift */,
				966A61282F1415570064F1A9 /* ChatMessage.swift */,
				966A61102F13FA810064F1A9 /* RoundsSegment.swift */,
				966A60362F11330F0064F1A9 /* BlockedUser.swift */,
				966A60372F11330F0064F1A9 /* Message.swift */,
				966A60382F11330F0064F1A9 /* PrivateProfile.swift */,
				966A60392F11330F0064F1A9 /* ProfileCompletionLevel.swift */,
				966A603A2F11330F0064F1A9 /* PublicProfile.swift */,
				966A603B2F11330F0064F1A9 /* Round.swift */,
				966A603C2F11330F0064F1A9 /* RoundMember.swift */,
				966A603D2F11330F0064F1A9 /* User.swift */,
			);
			path = Models;
			sourceTree = "<group>";
		};
		966A60412F11330F0064F1A9 /* Repositories */ = {
			isa = PBXGroup;
			children = (
				965BCAEE2F19F7BD00063CD5 /* TrustRepository.swift */,
				965BCAEA2F19D5ED00063CD5 /* UserRepository.swift */,
				965BCADB2F18643900063CD5 /* NotificationsRepository.swift */,
				966A61432F1466B70064F1A9 /* PostsRepository.swift */,
				966A612A2F1415640064F1A9 /* ChatRepository.swift */,
				966A60C52F116F460064F1A9 /* RoundsRepository.swift */,
				966A603F2F11330F0064F1A9 /* ProfileRepository.swift */,
				966A60402F11330F0064F1A9 /* SocialRepository.swift */,
			);
			path = Repositories;
			sourceTree = "<group>";
		};
		966A60442F11330F0064F1A9 /* Services */ = {
			isa = PBXGroup;
			children = (
				965BCAE12F19A39600063CD5 /* ShareLinkService.swift */,
				9604DC4E2F15BAF800C7D73F /* FeedRankingConfig.swift */,
				9604DC4F2F15BAF800C7D73F /* FeedRankingService.swift */,
				966A61122F13FA920064F1A9 /* ActivityRoundsService.swift */,
				966A61132F13FA920064F1A9 /* FollowingRoundsService.swift */,
				966A61082F13E2350064F1A9 /* RoundsSearchService.swift */,
				966A60DA2F117AF70064F1A9 /* GolfCourseSearchService.swift */,
				966A60AB2F1158FF0064F1A9 /* StorageService.swift */,
				966A60422F11330F0064F1A9 /* AuthService.swift */,
				966A60432F11330F0064F1A9 /* LocationService.swift */,
			);
			path = Services;
			sourceTree = "<group>";
		};
		966A60472F11330F0064F1A9 /* UIComponents */ = {
			isa = PBXGroup;
			children = (
				965BCB022F21C2CB00063CD5 /* CommentComposer.swift */,
				965BCB002F21A6CE00063CD5 /* AdvancedTextEditor.swift */,
				965BCAE32F19A3A500063CD5 /* ShareSheet.swift */,
				965BCAD72F183FB700063CD5 /* InvitedRoundCard.swift */,
				9604DC542F15E1E400C7D73F /* ProfileIdentitySection.swift */,
				9604DC522F15D54800C7D73F /* PhotoViewerView.swift */,
				966A615B2F1467290064F1A9 /* PostCardView.swift */,
				966A613D2F143CA80064F1A9 /* CachedAsyncImage.swift */,
				966A610C2F13EA170064F1A9 /* FilterSummaryView.swift */,
				966A60FA2F11AAE90064F1A9 /* MultiSelectChip.swift */,
				966A60FB2F11AAE90064F1A9 /* SectionCard.swift */,
				966A60F22F119CD90064F1A9 /* RangeSliderView.swift */,
				966A60F32F119CD90064F1A9 /* SelectableChip.swift */,
				966A60D82F1170080064F1A9 /* RoundCardView.swift */,
				966A60C12F1159850064F1A9 /* ProfilePhotoGrid.swift */,
				966A60A52F1151C80064F1A9 /* CitySearchSheet.swift */,
				966A60A62F1151C80064F1A9 /* FormFieldRow.swift */,
				966A60A72F1151C80064F1A9 /* LocationFieldView.swift */,
				966A60462F11330F0064F1A9 /* PublicProfileCardView.swift */,
			);
			path = UIComponents;
			sourceTree = "<group>";
		};
		966A604B2F11330F0064F1A9 /* ViewModels */ = {
			isa = PBXGroup;
			children = (
				965BCAF22F1A000B00063CD5 /* PostRoundFeedbackViewModel.swift */,
				965BCADF2F18743000063CD5 /* NotificationsViewModel.swift */,
				965BCACF2F183F4D00063CD5 /* InvitedRoundsViewModel.swift */,
				965BCAD02F183F4D00063CD5 /* InviteUsersViewModel.swift */,
				966A61472F1466E70064F1A9 /* CreatePostViewModel.swift */,
				966A61482F1466E70064F1A9 /* FeedViewModel.swift */,
				966A61492F1466E70064F1A9 /* PostDetailViewModel.swift */,
				966A614A2F1466E70064F1A9 /* UserPostsViewModel.swift */,
				966A612E2F1415810064F1A9 /* RoundChatViewModel.swift */,
				966A611C2F13FABB0064F1A9 /* ActivityRoundsViewModel.swift */,
				966A611D2F13FABB0064F1A9 /* FollowingRoundsViewModel.swift */,
				966A60EC2F119C940064F1A9 /* EditRoundViewModel.swift */,
				966A60E62F1199400064F1A9 /* OtherUserProfileViewModel.swift */,
				966A60DE2F1180730064F1A9 /* RoundDetailViewModel.swift */,
				966A60DC2F117C670064F1A9 /* RoundsListViewModel.swift */,
				966A60C92F116FBF0064F1A9 /* CreateRoundViewModel.swift */,
				966A60AD2F11590D0064F1A9 /* ProfileEditViewModel.swift */,
				966A60AE2F11590D0064F1A9 /* ProfileGateCoordinator.swift */,
				966A607B2F11360E0064F1A9 /* Tier1OnboardingViewModel.swift */,
				966A60482F11330F0064F1A9 /* ProfileGateViewModel.swift */,
				966A60492F11330F0064F1A9 /* ProfileSetupViewModel.swift */,
				966A604A2F11330F0064F1A9 /* ProfileViewModel.swift */,
			);
			path = ViewModels;
			sourceTree = "<group>";
		};
		966A604D2F11330F0064F1A9 /* Auth */ = {
			isa = PBXGroup;
			children = (
				966A604C2F11330F0064F1A9 /* AuthView.swift */,
			);
			path = Auth;
			sourceTree = "<group>";
		};
		966A604F2F11330F0064F1A9 /* Home */ = {
			isa = PBXGroup;
			children = (
				966A604E2F11330F0064F1A9 /* HomeView.swift */,
			);
			path = Home;
			sourceTree = "<group>";
		};
		966A60512F11330F0064F1A9 /* Main */ = {
			isa = PBXGroup;
			children = (
				966A60502F11330F0064F1A9 /* MainTabView.swift */,
			);
			path = Main;
			sourceTree = "<group>";
		};
		966A60532F11330F0064F1A9 /* Notifications */ = {
			isa = PBXGroup;
			children = (
				966A60522F11330F0064F1A9 /* NotificationsView.swift */,
			);
			path = Notifications;
			sourceTree = "<group>";
		};
		966A60572F11330F0064F1A9 /* Profile */ = {
			isa = PBXGroup;
			children = (
				9604DC5C2F15F8AC00C7D73F /* AboutMeEditSheet.swift */,
				9604DC5D2F15F8AC00C7D73F /* GolfEditSheet.swift */,
				9604DC5E2F15F8AC00C7D73F /* PhotoEditSheet.swift */,
				9604DC582F15F0A600C7D73F /* BioEditSheet.swift */,
				9604DC562F15E1F700C7D73F /* PostsListScreen.swift */,
				966A61562F1467080064F1A9 /* UserPostsListView.swift */,
				966A60E82F1199550064F1A9 /* OtherUserProfileView.swift */,
				966A60B92F11596F0064F1A9 /* ProfileEditBasicInfoSection.swift */,
				966A60BA2F11596F0064F1A9 /* ProfileEditGolfInfoSection.swift */,
				966A60BC2F11596F0064F1A9 /* Tier2GatePopup.swift */,
				966A60542F11330F0064F1A9 /* ProfileGateView.swift */,
				966A60552F11330F0064F1A9 /* ProfileSetupView.swift */,
				966A60562F11330F0064F1A9 /* ProfileView.swift */,
			);
			path = Profile;
			sourceTree = "<group>";
		};
		966A60592F11330F0064F1A9 /* Rounds */ = {
			isa = PBXGroup;
			children = (
				965BCAD32F183FAA00063CD5 /* ActivityRoundsViewRefactored.swift */,
				965BCAD42F183FAA00063CD5 /* InviteUsersSheet.swift */,
				966A61392F141C210064F1A9 /* RoundsFilterSections.swift */,
				966A61202F13FACF0064F1A9 /* ActivityRoundsView.swift */,
				966A61212F13FACF0064F1A9 /* FollowingRoundsView.swift */,
				966A61222F13FACF0064F1A9 /* NearbyRoundsContent.swift */,
				966A610E2F13EA340064F1A9 /* RoundsEmptyState.swift */,
				966A61002F13CAF90064F1A9 /* RoundsFilterSheet.swift */,
				966A60D12F116FE00064F1A9 /* CreateRound */,
				966A60EE2F119CB10064F1A9 /* EditRoundSections.swift */,
				966A60F82F11A51F0064F1A9 /* EditRoundCourseDateSections.swift */,
				966A60EF2F119CB10064F1A9 /* RoundDetailMembersSection.swift */,
				966A60EA2F1199770064F1A9 /* EditRoundView.swift */,
				966A60E02F1180A80064F1A9 /* RoundDetailMoreSections.swift */,
				966A60E12F1180A80064F1A9 /* RoundDetailSections.swift */,
				966A60E22F1180A80064F1A9 /* RoundDetailView.swift */,
				966A60582F11330F0064F1A9 /* RoundsView.swift */,
			);
			path = Rounds;
			sourceTree = "<group>";
		};
		966A605C2F11330F0064F1A9 /* Views */ = {
			isa = PBXGroup;
			children = (
				965BCAFC2F1A016300063CD5 /* Testing */,
				965BCAF62F1A002000063CD5 /* Feedback */,
				966A61592F1467170064F1A9 /* Social */,
				966A61522F1466F80064F1A9 /* Feed */,
				966A61332F1415950064F1A9 /* Chat */,
				966A608C2F1136440064F1A9 /* Onboarding */,
				966A604D2F11330F0064F1A9 /* Auth */,
				966A604F2F11330F0064F1A9 /* Home */,
				966A60512F11330F0064F1A9 /* Main */,
				966A60532F11330F0064F1A9 /* Notifications */,
				966A60572F11330F0064F1A9 /* Profile */,
				966A60592F11330F0064F1A9 /* Rounds */,
				966A605A2F11330F0064F1A9 /* LaunchScreenView.swift */,
				966A605B2F11330F0064F1A9 /* RootView.swift */,
			);
			path = Views;
			sourceTree = "<group>";
		};
		966A608C2F1136440064F1A9 /* Onboarding */ = {
			isa = PBXGroup;
			children = (
				966A60872F1136440064F1A9 /* BirthdateStepView.swift */,
				966A60882F1136440064F1A9 /* GenderStepView.swift */,
				966A60892F1136440064F1A9 /* LocationStepView.swift */,
				966A608A2F1136440064F1A9 /* NicknameStepView.swift */,
				966A608B2F1136440064F1A9 /* Tier1OnboardingFlow.swift */,
			);
			path = Onboarding;
			sourceTree = "<group>";
		};
		966A60992F1146770064F1A9 /* UIFoundation */ = {
			isa = PBXGroup;
			children = (
				965BCB062F21C47E00063CD5 /* RoundedCornerShape.swift */,
				966A61372F1418670064F1A9 /* KeyboardDismissModifier.swift */,
				966A60A12F11484E0064F1A9 /* EmptyStateView.swift */,
				966A60A22F11484E0064F1A9 /* SkeletonViews.swift */,
				966A60922F1146770064F1A9 /* AppBanners.swift */,
				966A60932F1146770064F1A9 /* AppButtons.swift */,
				966A60942F1146770064F1A9 /* AppCard.swift */,
				966A60952F1146770064F1A9 /* AppColors.swift */,
				966A60962F1146770064F1A9 /* AppSpacing.swift */,
				966A60972F1146770064F1A9 /* AppTextField.swift */,
				966A60982F1146770064F1A9 /* AppTypography.swift */,
			);
			path = UIFoundation;
			sourceTree = "<group>";
		};
		966A60D12F116FE00064F1A9 /* CreateRound */ = {
			isa = PBXGroup;
			children = (
				966A60FE2F11ACDC0064F1A9 /* ManualCourseEntrySheet.swift */,
				966A60CC2F116FE00064F1A9 /* CreateRoundCourseStep.swift */,
				966A60CD2F116FE00064F1A9 /* CreateRoundDateTimeStep.swift */,
				966A60CE2F116FE00064F1A9 /* CreateRoundDetailsStep.swift */,
				966A60CF2F116FE00064F1A9 /* CreateRoundFlow.swift */,
				966A60D02F116FE00064F1A9 /* CreateRoundReviewStep.swift */,
			);
			path = CreateRound;
			sourceTree = "<group>";
		};
		966A61332F1415950064F1A9 /* Chat */ = {
			isa = PBXGroup;
			children = (
				966A613B2F1420260064F1A9 /* ChatDateSeparator.swift */,
				966A61302F1415950064F1A9 /* ChatComposer.swift */,
				966A61312F1415950064F1A9 /* ChatMessageRow.swift */,
				966A61322F1415950064F1A9 /* RoundChatView.swift */,
			);
			path = Chat;
			sourceTree = "<group>";
		};
		966A61522F1466F80064F1A9 /* Feed */ = {
			isa = PBXGroup;
			children = (
				965BCB042F21C44800063CD5 /* CommentRowView.swift */,
				966A614F2F1466F80064F1A9 /* CreatePostView.swift */,
				966A61502F1466F80064F1A9 /* FeedView.swift */,
				966A61512F1466F80064F1A9 /* PostDetailView.swift */,
			);
			path = Feed;
			sourceTree = "<group>";
		};
		966A61592F1467170064F1A9 /* Social */ = {
			isa = PBXGroup;
			children = (
				966A61582F1467170064F1A9 /* FollowersListView.swift */,
			);
			path = Social;
			sourceTree = "<group>";
		};
/* End PBXGroup section */

/* Begin PBXNativeTarget section */
		50000001 /* TeePals */ = {
			isa = PBXNativeTarget;
			buildConfigurationList = 60000003 /* Build configuration list for PBXNativeTarget "TeePals" */;
			buildPhases = (
				50000002 /* Sources */,
				30000001 /* Frameworks */,
				50000003 /* Resources */,
			);
			buildRules = (
			);
			dependencies = (
			);
			name = TeePals;
			packageProductDependencies = (
				20000001 /* FirebaseAuth */,
				20000002 /* FirebaseFirestore */,
				966A5FC32F0FF7050064F1A9 /* FirebaseAnalytics */,
				966A60C32F115A7E0064F1A9 /* FirebaseStorage */,
			);
			productName = TeePals;
			productReference = 10000000 /* TeePals.app */;
			productType = "com.apple.product-type.application";
		};
/* End PBXNativeTarget section */

/* Begin PBXProject section */
		70000001 /* Project object */ = {
			isa = PBXProject;
			attributes = {
				BuildIndependentTargetsInParallel = 1;
				LastSwiftUpdateCheck = 1500;
				LastUpgradeCheck = 1640;
				TargetAttributes = {
					50000001 = {
						CreatedOnToolsVersion = 15.0;
					};
				};
			};
			buildConfigurationList = 60000001 /* Build configuration list for PBXProject "TeePals" */;
			compatibilityVersion = "Xcode 14.0";
			developmentRegion = en;
			hasScannedForEncodings = 0;
			knownRegions = (
				en,
				Base,
			);
			mainGroup = 40000000;
			packageReferences = (
				80000001 /* XCRemoteSwiftPackageReference "firebase-ios-sdk" */,
			);
			productRefGroup = 40000010 /* Products */;
			projectDirPath = "";
			projectRoot = "";
			targets = (
				50000001 /* TeePals */,
			);
		};
/* End PBXProject section */

/* Begin PBXResourcesBuildPhase section */
		50000003 /* Resources */ = {
			isa = PBXResourcesBuildPhase;
			buildActionMask = 2147483647;
			files = (
				00000019 /* Assets.xcassets in Resources */,
				966A5FC62F10EE420064F1A9 /* GoogleService-Info.plist in Resources */,
			);
			runOnlyForDeploymentPostprocessing = 0;
		};
/* End PBXResourcesBuildPhase section */

/* Begin PBXSourcesBuildPhase section */
		50000002 /* Sources */ = {
			isa = PBXSourcesBuildPhase;
			buildActionMask = 2147483647;
			files = (
				966A609A2F1146770064F1A9 /* AppTypography.swift in Sources */,
				966A61342F1415950064F1A9 /* RoundChatView.swift in Sources */,
				966A61352F1415950064F1A9 /* ChatComposer.swift in Sources */,
				966A61362F1415950064F1A9 /* ChatMessageRow.swift in Sources */,
				966A613A2F141C210064F1A9 /* RoundsFilterSections.swift in Sources */,
				966A609B2F1146770064F1A9 /* AppTextField.swift in Sources */,
				966A60DB2F117AF70064F1A9 /* GolfCourseSearchService.swift in Sources */,
				966A60AF2F11590D0064F1A9 /* ProfileEditViewModel.swift in Sources */,
				966A60B02F11590D0064F1A9 /* ProfileGateCoordinator.swift in Sources */,
				966A613C2F1420260064F1A9 /* ChatDateSeparator.swift in Sources */,
				9604DC5B2F15F0A600C7D73F /* BioEditSheet.swift in Sources */,
				966A61142F13FA920064F1A9 /* ActivityRoundsService.swift in Sources */,
				966A61152F13FA920064F1A9 /* FollowingRoundsService.swift in Sources */,
				966A609C2F1146770064F1A9 /* AppCard.swift in Sources */,
				965BCB072F21C47E00063CD5 /* RoundedCornerShape.swift in Sources */,
				966A609D2F1146770064F1A9 /* AppBanners.swift in Sources */,
				966A61232F13FACF0064F1A9 /* ActivityRoundsView.swift in Sources */,
				966A61242F13FACF0064F1A9 /* FollowingRoundsView.swift in Sources */,
				966A61252F13FACF0064F1A9 /* NearbyRoundsContent.swift in Sources */,
				965BCAD12F183F4D00063CD5 /* InviteUsersViewModel.swift in Sources */,
				965BCAD22F183F4D00063CD5 /* InvitedRoundsViewModel.swift in Sources */,
				966A609E2F1146770064F1A9 /* AppButtons.swift in Sources */,
				966A609F2F1146770064F1A9 /* AppSpacing.swift in Sources */,
				966A61572F1467080064F1A9 /* UserPostsListView.swift in Sources */,
				965BCAD52F183FAA00063CD5 /* ActivityRoundsViewRefactored.swift in Sources */,
				965BCAD62F183FAA00063CD5 /* InviteUsersSheet.swift in Sources */,
				966A60A02F1146770064F1A9 /* AppColors.swift in Sources */,
				965BCADE2F18644A00063CD5 /* FirestoreNotificationsRepository.swift in Sources */,
				00000001 /* TeePalsApp.swift in Sources */,
				965BCAE92F19D5B300063CD5 /* FirestoreUserRepository.swift in Sources */,
				966A60C62F116F460064F1A9 /* RoundsRepository.swift in Sources */,
				965BCAFF2F1C554000063CD5 /* PreviewTestFile.swift in Sources */,
				966A61382F1418670064F1A9 /* KeyboardDismissModifier.swift in Sources */,
				966A605D2F11330F0064F1A9 /* AppContainer.swift in Sources */,
				966A60E32F1180A80064F1A9 /* RoundDetailSections.swift in Sources */,
				965BCAD82F183FB700063CD5 /* InvitedRoundCard.swift in Sources */,
				966A60E42F1180A80064F1A9 /* RoundDetailMoreSections.swift in Sources */,
				966A60E52F1180A80064F1A9 /* RoundDetailView.swift in Sources */,
				966A61192F13FAA50064F1A9 /* FirestoreRoundDecoder.swift in Sources */,
				966A611A2F13FAA50064F1A9 /* FirestoreFollowingRoundsService.swift in Sources */,
				966A612B2F1415640064F1A9 /* ChatRepository.swift in Sources */,
				966A611B2F13FAA50064F1A9 /* FirestoreActivityRoundsService.swift in Sources */,
				966A60C82F116FAA0064F1A9 /* FirestoreRoundsRepository.swift in Sources */,
				966A605E2F11330F0064F1A9 /* PublicProfileCardView.swift in Sources */,
				966A613E2F143CA80064F1A9 /* CachedAsyncImage.swift in Sources */,
				966A60DF2F1180730064F1A9 /* RoundDetailViewModel.swift in Sources */,
				966A605F2F11330F0064F1A9 /* PublicProfile.swift in Sources */,
				966A61112F13FA810064F1A9 /* RoundsSegment.swift in Sources */,
				965BCAE22F19A39600063CD5 /* ShareLinkService.swift in Sources */,
				966A608D2F1136440064F1A9 /* LocationStepView.swift in Sources */,
				966A608E2F1136440064F1A9 /* BirthdateStepView.swift in Sources */,
				966A608F2F1136440064F1A9 /* Tier1OnboardingFlow.swift in Sources */,
				966A60902F1136440064F1A9 /* GenderStepView.swift in Sources */,
				966A60912F1136440064F1A9 /* NicknameStepView.swift in Sources */,
				966A60D22F116FE00064F1A9 /* CreateRoundCourseStep.swift in Sources */,
				9604DC532F15D54800C7D73F /* PhotoViewerView.swift in Sources */,
				966A60D42F116FE00064F1A9 /* CreateRoundReviewStep.swift in Sources */,
				966A60F42F119CD90064F1A9 /* RangeSliderView.swift in Sources */,
				966A60F52F119CD90064F1A9 /* SelectableChip.swift in Sources */,
				966A612F2F1415810064F1A9 /* RoundChatViewModel.swift in Sources */,
				965BCAF72F1A002000063CD5 /* PostRoundFeedbackView.swift in Sources */,
				965BCAF82F1A002000063CD5 /* PendingFeedbackSection.swift in Sources */,
				966A60D52F116FE00064F1A9 /* CreateRoundFlow.swift in Sources */,
				966A60D62F116FE00064F1A9 /* CreateRoundDetailsStep.swift in Sources */,
				966A60D72F116FE00064F1A9 /* CreateRoundDateTimeStep.swift in Sources */,
				966A60602F11330F0064F1A9 /* User.swift in Sources */,
				966A60612F11330F0064F1A9 /* LocationService.swift in Sources */,
				966A60622F11330F0064F1A9 /* AuthService.swift in Sources */,
				966A60632F11330F0064F1A9 /* RootView.swift in Sources */,
				966A60642F11330F0064F1A9 /* FirestoreProfileRepository.swift in Sources */,
				966A60652F11330F0064F1A9 /* PrivateProfile.swift in Sources */,
				965BCB052F21C44800063CD5 /* CommentRowView.swift in Sources */,
				966A60662F11330F0064F1A9 /* ProfileView.swift in Sources */,
				966A60672F11330F0064F1A9 /* LaunchScreenView.swift in Sources */,
				966A60682F11330F0064F1A9 /* ProfileGateView.swift in Sources */,
				966A60E72F1199400064F1A9 /* OtherUserProfileViewModel.swift in Sources */,
				9604DC572F15E1F700C7D73F /* PostsListScreen.swift in Sources */,
				966A60FC2F11AAE90064F1A9 /* MultiSelectChip.swift in Sources */,
				966A61052F13E2230064F1A9 /* GeoPrecisionPolicy.swift in Sources */,
				966A61062F13E2230064F1A9 /* DistanceUtil.swift in Sources */,
				966A61072F13E2230064F1A9 /* GeoHashUtil.swift in Sources */,
				966A60FD2F11AAE90064F1A9 /* SectionCard.swift in Sources */,
				966A60DD2F117C670064F1A9 /* RoundsListViewModel.swift in Sources */,
				965BCAEB2F19D5ED00063CD5 /* UserRepository.swift in Sources */,
				966A612D2F1415700064F1A9 /* FirestoreChatRepository.swift in Sources */,
				966A60692F11330F0064F1A9 /* ProfileRepository.swift in Sources */,
				965BCAFA2F1A015200063CD5 /* TestDataHelper.swift in Sources */,
				966A606A2F11330F0064F1A9 /* ProfileSetupView.swift in Sources */,
				966A606B2F11330F0064F1A9 /* AuthView.swift in Sources */,
				966A61412F1466A60064F1A9 /* Comment.swift in Sources */,
				966A61422F1466A60064F1A9 /* Post.swift in Sources */,
				966A606C2F11330F0064F1A9 /* ProfileSetupViewModel.swift in Sources */,
				966A606D2F11330F0064F1A9 /* Message.swift in Sources */,
				9604DC5F2F15F8AC00C7D73F /* AboutMeEditSheet.swift in Sources */,
				965BCAFD2F1A016300063CD5 /* TestDataSection.swift in Sources */,
				965BCAEF2F19F7BD00063CD5 /* TrustRepository.swift in Sources */,
				9604DC602F15F8AC00C7D73F /* PhotoEditSheet.swift in Sources */,
				9604DC612F15F8AC00C7D73F /* GolfEditSheet.swift in Sources */,
				966A610D2F13EA170064F1A9 /* FilterSummaryView.swift in Sources */,
				9604DC552F15E1E400C7D73F /* ProfileIdentitySection.swift in Sources */,
				966A61292F1415570064F1A9 /* ChatMessage.swift in Sources */,
				966A60F02F119CB10064F1A9 /* EditRoundSections.swift in Sources */,
				965BCAE72F19A3B600063CD5 /* DeepLinkCoordinator.swift in Sources */,
				966A60F12F119CB10064F1A9 /* RoundDetailMembersSection.swift in Sources */,
				965BCB012F21A6CE00063CD5 /* AdvancedTextEditor.swift in Sources */,
				966A610F2F13EA340064F1A9 /* RoundsEmptyState.swift in Sources */,
				965BCAF32F1A000B00063CD5 /* PostRoundFeedbackViewModel.swift in Sources */,
				966A614B2F1466E70064F1A9 /* FeedViewModel.swift in Sources */,
				966A614C2F1466E70064F1A9 /* CreatePostViewModel.swift in Sources */,
				9604DC502F15BAF800C7D73F /* FeedRankingConfig.swift in Sources */,
				9604DC512F15BAF800C7D73F /* FeedRankingService.swift in Sources */,
				966A614D2F1466E70064F1A9 /* UserPostsViewModel.swift in Sources */,
				966A614E2F1466E70064F1A9 /* PostDetailViewModel.swift in Sources */,
				965BCAED2F19F7B100063CD5 /* RoundFeedback.swift in Sources */,
				966A60EB2F1199770064F1A9 /* EditRoundView.swift in Sources */,
				966A611E2F13FABB0064F1A9 /* ActivityRoundsViewModel.swift in Sources */,
				966A611F2F13FABB0064F1A9 /* FollowingRoundsViewModel.swift in Sources */,
				965BCAE02F18743000063CD5 /* NotificationsViewModel.swift in Sources */,
				966A606E2F11330F0064F1A9 /* BlockedUser.swift in Sources */,
				966A60A82F1151C80064F1A9 /* CitySearchSheet.swift in Sources */,
				966A60A92F1151C80064F1A9 /* FormFieldRow.swift in Sources */,
				966A60AA2F1151C80064F1A9 /* LocationFieldView.swift in Sources */,
				966A60E92F1199550064F1A9 /* OtherUserProfileView.swift in Sources */,
				966A60F92F11A51F0064F1A9 /* EditRoundCourseDateSections.swift in Sources */,
				966A606F2F11330F0064F1A9 /* Round.swift in Sources */,
				965BCAE42F19A3A500063CD5 /* ShareSheet.swift in Sources */,
				966A61092F13E2350064F1A9 /* RoundsSearchService.swift in Sources */,
				966A60AC2F1158FF0064F1A9 /* StorageService.swift in Sources */,
				966A60702F11330F0064F1A9 /* RoundMember.swift in Sources */,
				966A60CA2F116FBF0064F1A9 /* CreateRoundViewModel.swift in Sources */,
				966A60C22F1159850064F1A9 /* ProfilePhotoGrid.swift in Sources */,
				966A607C2F11360E0064F1A9 /* Tier1OnboardingViewModel.swift in Sources */,
				966A60712F11330F0064F1A9 /* FirestoreSocialRepository.swift in Sources */,
				965BCAF12F19F7C900063CD5 /* FirestoreTrustRepository.swift in Sources */,
				966A615C2F1467290064F1A9 /* PostCardView.swift in Sources */,
				9604DC492F15BADC00C7D73F /* PostStats.swift in Sources */,
				9604DC4A2F15BADC00C7D73F /* ViewerContext.swift in Sources */,
				9604DC4B2F15BADC00C7D73F /* UserStats.swift in Sources */,
				9604DC4C2F15BADC00C7D73F /* FeedCursor.swift in Sources */,
				965BCB032F21C2CB00063CD5 /* CommentComposer.swift in Sources */,
				9604DC4D2F15BADC00C7D73F /* FeedScore.swift in Sources */,
				966A615A2F1467170064F1A9 /* FollowersListView.swift in Sources */,
				966A61442F1466B70064F1A9 /* PostsRepository.swift in Sources */,
				966A60722F11330F0064F1A9 /* ProfileViewModel.swift in Sources */,
				966A60732F11330F0064F1A9 /* RoundsView.swift in Sources */,
				966A61012F13CAF90064F1A9 /* RoundsFilterSheet.swift in Sources */,
				966A60BD2F11596F0064F1A9 /* ProfileEditGolfInfoSection.swift in Sources */,
				965BCADA2F18642C00063CD5 /* Notification.swift in Sources */,
				966A60BF2F11596F0064F1A9 /* ProfileEditBasicInfoSection.swift in Sources */,
				966A60C02F11596F0064F1A9 /* Tier2GatePopup.swift in Sources */,
				966A60742F11330F0064F1A9 /* NotificationsView.swift in Sources */,
				966A60FF2F11ACDC0064F1A9 /* ManualCourseEntrySheet.swift in Sources */,
				966A61532F1466F80064F1A9 /* CreatePostView.swift in Sources */,
				966A61542F1466F80064F1A9 /* PostDetailView.swift in Sources */,
				966A61552F1466F80064F1A9 /* FeedView.swift in Sources */,
				966A60752F11330F0064F1A9 /* ProfileGateViewModel.swift in Sources */,
				966A60A32F11484E0064F1A9 /* SkeletonViews.swift in Sources */,
				966A61462F1466C50064F1A9 /* FirestorePostsRepository.swift in Sources */,
				966A60A42F11484E0064F1A9 /* EmptyStateView.swift in Sources */,
				966A60762F11330F0064F1A9 /* SocialRepository.swift in Sources */,
				965BCADC2F18643900063CD5 /* NotificationsRepository.swift in Sources */,
				966A60D92F1170080064F1A9 /* RoundCardView.swift in Sources */,
				966A60772F11330F0064F1A9 /* MainTabView.swift in Sources */,
				966A60782F11330F0064F1A9 /* ProfileCompletionLevel.swift in Sources */,
				966A60ED2F119C940064F1A9 /* EditRoundViewModel.swift in Sources */,
				966A60792F11330F0064F1A9 /* HomeView.swift in Sources */,
				966A610B2F13E2480064F1A9 /* FirestoreGeoHashRoundsSearchService.swift in Sources */,
				00000018 /* FirestoreConstants.swift in Sources */,
			);
			runOnlyForDeploymentPostprocessing = 0;
		};
/* End PBXSourcesBuildPhase section */

/* Begin XCBuildConfiguration section */
		60000002 /* Debug */ = {
			isa = XCBuildConfiguration;
			buildSettings = {
				ALWAYS_SEARCH_USER_PATHS = NO;
				ASSETCATALOG_COMPILER_GENERATE_SWIFT_ASSET_SYMBOL_EXTENSIONS = YES;
				CLANG_ANALYZER_NONNULL = YES;
				CLANG_ANALYZER_NUMBER_OBJECT_CONVERSION = YES_AGGRESSIVE;
				CLANG_CXX_LANGUAGE_STANDARD = "gnu++20";
				CLANG_ENABLE_MODULES = YES;
				CLANG_ENABLE_OBJC_ARC = YES;
				CLANG_ENABLE_OBJC_WEAK = YES;
				CLANG_WARN_BLOCK_CAPTURE_AUTORELEASING = YES;
				CLANG_WARN_BOOL_CONVERSION = YES;
				CLANG_WARN_COMMA = YES;
				CLANG_WARN_CONSTANT_CONVERSION = YES;
				CLANG_WARN_DEPRECATED_OBJC_IMPLEMENTATIONS = YES;
				CLANG_WARN_DIRECT_OBJC_ISA_USAGE = YES_ERROR;
				CLANG_WARN_DOCUMENTATION_COMMENTS = YES;
				CLANG_WARN_EMPTY_BODY = YES;
				CLANG_WARN_ENUM_CONVERSION = YES;
				CLANG_WARN_INFINITE_RECURSION = YES;
				CLANG_WARN_INT_CONVERSION = YES;
				CLANG_WARN_NON_LITERAL_NULL_CONVERSION = YES;
				CLANG_WARN_OBJC_IMPLICIT_RETAIN_SELF = YES;
				CLANG_WARN_OBJC_LITERAL_CONVERSION = YES;
				CLANG_WARN_OBJC_ROOT_CLASS = YES_ERROR;
				CLANG_WARN_QUOTED_INCLUDE_IN_FRAMEWORK_HEADER = YES;
				CLANG_WARN_RANGE_LOOP_ANALYSIS = YES;
				CLANG_WARN_STRICT_PROTOTYPES = YES;
				CLANG_WARN_SUSPICIOUS_MOVE = YES;
				CLANG_WARN_UNGUARDED_AVAILABILITY = YES_AGGRESSIVE;
				CLANG_WARN_UNREACHABLE_CODE = YES;
				CLANG_WARN__DUPLICATE_METHOD_MATCH = YES;
				COPY_PHASE_STRIP = NO;
				DEBUG_INFORMATION_FORMAT = dwarf;
				DEVELOPMENT_TEAM = Y6F9X8K3XF;
				ENABLE_STRICT_OBJC_MSGSEND = YES;
				ENABLE_TESTABILITY = YES;
				ENABLE_USER_SCRIPT_SANDBOXING = YES;
				GCC_C_LANGUAGE_STANDARD = gnu17;
				GCC_DYNAMIC_NO_PIC = NO;
				GCC_NO_COMMON_BLOCKS = YES;
				GCC_OPTIMIZATION_LEVEL = 0;
				GCC_PREPROCESSOR_DEFINITIONS = (
					"DEBUG=1",
					"$(inherited)",
				);
				GCC_WARN_64_TO_32_BIT_CONVERSION = YES;
				GCC_WARN_ABOUT_RETURN_TYPE = YES_ERROR;
				GCC_WARN_UNDECLARED_SELECTOR = YES;
				GCC_WARN_UNINITIALIZED_AUTOS = YES_AGGRESSIVE;
				GCC_WARN_UNUSED_FUNCTION = YES;
				GCC_WARN_UNUSED_VARIABLE = YES;
				IPHONEOS_DEPLOYMENT_TARGET = 17.0;
				LOCALIZATION_PREFERS_STRING_CATALOGS = YES;
				MTL_ENABLE_DEBUG_INFO = INCLUDE_SOURCE;
				MTL_FAST_MATH = YES;
				ONLY_ACTIVE_ARCH = YES;
				SDKROOT = iphoneos;
				SWIFT_ACTIVE_COMPILATION_CONDITIONS = "DEBUG $(inherited)";
				SWIFT_OPTIMIZATION_LEVEL = "-Onone";
			};
			name = Debug;
		};
		60000004 /* Release */ = {
			isa = XCBuildConfiguration;
			buildSettings = {
				ALWAYS_SEARCH_USER_PATHS = NO;
				ASSETCATALOG_COMPILER_GENERATE_SWIFT_ASSET_SYMBOL_EXTENSIONS = YES;
				CLANG_ANALYZER_NONNULL = YES;
				CLANG_ANALYZER_NUMBER_OBJECT_CONVERSION = YES_AGGRESSIVE;
				CLANG_CXX_LANGUAGE_STANDARD = "gnu++20";
				CLANG_ENABLE_MODULES = YES;
				CLANG_ENABLE_OBJC_ARC = YES;
				CLANG_ENABLE_OBJC_WEAK = YES;
				CLANG_WARN_BLOCK_CAPTURE_AUTORELEASING = YES;
				CLANG_WARN_BOOL_CONVERSION = YES;
				CLANG_WARN_COMMA = YES;
				CLANG_WARN_CONSTANT_CONVERSION = YES;
				CLANG_WARN_DEPRECATED_OBJC_IMPLEMENTATIONS = YES;
				CLANG_WARN_DIRECT_OBJC_ISA_USAGE = YES_ERROR;
				CLANG_WARN_DOCUMENTATION_COMMENTS = YES;
				CLANG_WARN_EMPTY_BODY = YES;
				CLANG_WARN_ENUM_CONVERSION = YES;
				CLANG_WARN_INFINITE_RECURSION = YES;
				CLANG_WARN_INT_CONVERSION = YES;
				CLANG_WARN_NON_LITERAL_NULL_CONVERSION = YES;
				CLANG_WARN_OBJC_IMPLICIT_RETAIN_SELF = YES;
				CLANG_WARN_OBJC_LITERAL_CONVERSION = YES;
				CLANG_WARN_OBJC_ROOT_CLASS = YES_ERROR;
				CLANG_WARN_QUOTED_INCLUDE_IN_FRAMEWORK_HEADER = YES;
				CLANG_WARN_RANGE_LOOP_ANALYSIS = YES;
				CLANG_WARN_STRICT_PROTOTYPES = YES;
				CLANG_WARN_SUSPICIOUS_MOVE = YES;
				CLANG_WARN_UNGUARDED_AVAILABILITY = YES_AGGRESSIVE;
				CLANG_WARN_UNREACHABLE_CODE = YES;
				CLANG_WARN__DUPLICATE_METHOD_MATCH = YES;
				COPY_PHASE_STRIP = NO;
				DEBUG_INFORMATION_FORMAT = "dwarf-with-dsym";
				DEVELOPMENT_TEAM = Y6F9X8K3XF;
				ENABLE_NS_ASSERTIONS = NO;
				ENABLE_STRICT_OBJC_MSGSEND = YES;
				ENABLE_USER_SCRIPT_SANDBOXING = YES;
				GCC_C_LANGUAGE_STANDARD = gnu17;
				GCC_NO_COMMON_BLOCKS = YES;
				GCC_WARN_64_TO_32_BIT_CONVERSION = YES;
				GCC_WARN_ABOUT_RETURN_TYPE = YES_ERROR;
				GCC_WARN_UNDECLARED_SELECTOR = YES;
				GCC_WARN_UNINITIALIZED_AUTOS = YES_AGGRESSIVE;
				GCC_WARN_UNUSED_FUNCTION = YES;
				GCC_WARN_UNUSED_VARIABLE = YES;
				IPHONEOS_DEPLOYMENT_TARGET = 17.0;
				LOCALIZATION_PREFERS_STRING_CATALOGS = YES;
				MTL_ENABLE_DEBUG_INFO = NO;
				MTL_FAST_MATH = YES;
				SDKROOT = iphoneos;
				SWIFT_COMPILATION_MODE = wholemodule;
				VALIDATE_PRODUCT = YES;
			};
			name = Release;
		};
		60000005 /* Debug */ = {
			isa = XCBuildConfiguration;
			buildSettings = {
				ASSETCATALOG_COMPILER_APPICON_NAME = AppIcon;
				ASSETCATALOG_COMPILER_GLOBAL_ACCENT_COLOR_NAME = AccentColor;
				CODE_SIGN_ENTITLEMENTS = TeePals/TeePals.entitlements;
				CODE_SIGN_IDENTITY = "Apple Development";
				CODE_SIGN_STYLE = Automatic;
				CURRENT_PROJECT_VERSION = 3;
				DEVELOPMENT_TEAM = Y6F9X8K3XF;
				ENABLE_PREVIEWS = YES;
				GENERATE_INFOPLIST_FILE = YES;
				INFOPLIST_FILE = TeePals/Info.plist;
				INFOPLIST_KEY_CFBundleDisplayName = TeePals;
				INFOPLIST_KEY_UIApplicationSceneManifest_Generation = YES;
				INFOPLIST_KEY_UIApplicationSupportsIndirectInputEvents = YES;
				INFOPLIST_KEY_UILaunchScreen_Generation = YES;
				INFOPLIST_KEY_UISupportedInterfaceOrientations_iPad = "UIInterfaceOrientationPortrait UIInterfaceOrientationPortraitUpsideDown UIInterfaceOrientationLandscapeLeft UIInterfaceOrientationLandscapeRight";
				INFOPLIST_KEY_UISupportedInterfaceOrientations_iPhone = "UIInterfaceOrientationPortrait UIInterfaceOrientationLandscapeLeft UIInterfaceOrientationLandscapeRight";
				LD_RUNPATH_SEARCH_PATHS = (
					"$(inherited)",
					"@executable_path/Frameworks",
				);
				MARKETING_VERSION = 1.0;
				PRODUCT_BUNDLE_IDENTIFIER = com.teepals.app;
				PRODUCT_NAME = "$(TARGET_NAME)";
				PROVISIONING_PROFILE_SPECIFIER = "";
				SWIFT_EMIT_LOC_STRINGS = YES;
				SWIFT_VERSION = 5.0;
				TARGETED_DEVICE_FAMILY = "1,2";
			};
			name = Debug;
		};
		60000006 /* Release */ = {
			isa = XCBuildConfiguration;
			buildSettings = {
				ASSETCATALOG_COMPILER_APPICON_NAME = AppIcon;
				ASSETCATALOG_COMPILER_GLOBAL_ACCENT_COLOR_NAME = AccentColor;
				CODE_SIGN_ENTITLEMENTS = TeePals/TeePals.entitlements;
				CODE_SIGN_IDENTITY = "Apple Development";
				CODE_SIGN_STYLE = Automatic;
				CURRENT_PROJECT_VERSION = 3;
				DEVELOPMENT_TEAM = Y6F9X8K3XF;
				ENABLE_PREVIEWS = YES;
				GENERATE_INFOPLIST_FILE = YES;
				INFOPLIST_FILE = TeePals/Info.plist;
				INFOPLIST_KEY_CFBundleDisplayName = TeePals;
				INFOPLIST_KEY_UIApplicationSceneManifest_Generation = YES;
				INFOPLIST_KEY_UIApplicationSupportsIndirectInputEvents = YES;
				INFOPLIST_KEY_UILaunchScreen_Generation = YES;
				INFOPLIST_KEY_UISupportedInterfaceOrientations_iPad = "UIInterfaceOrientationPortrait UIInterfaceOrientationPortraitUpsideDown UIInterfaceOrientationLandscapeLeft UIInterfaceOrientationLandscapeRight";
				INFOPLIST_KEY_UISupportedInterfaceOrientations_iPhone = "UIInterfaceOrientationPortrait UIInterfaceOrientationLandscapeLeft UIInterfaceOrientationLandscapeRight";
				LD_RUNPATH_SEARCH_PATHS = (
					"$(inherited)",
					"@executable_path/Frameworks",
				);
				MARKETING_VERSION = 1.0;
				PRODUCT_BUNDLE_IDENTIFIER = com.teepals.app;
				PRODUCT_NAME = "$(TARGET_NAME)";
				PROVISIONING_PROFILE_SPECIFIER = "";
				SWIFT_EMIT_LOC_STRINGS = YES;
				SWIFT_VERSION = 5.0;
				TARGETED_DEVICE_FAMILY = "1,2";
			};
			name = Release;
		};
/* End XCBuildConfiguration section */

/* Begin XCConfigurationList section */
		60000001 /* Build configuration list for PBXProject "TeePals" */ = {
			isa = XCConfigurationList;
			buildConfigurations = (
				60000002 /* Debug */,
				60000004 /* Release */,
			);
			defaultConfigurationIsVisible = 0;
			defaultConfigurationName = Release;
		};
		60000003 /* Build configuration list for PBXNativeTarget "TeePals" */ = {
			isa = XCConfigurationList;
			buildConfigurations = (
				60000005 /* Debug */,
				60000006 /* Release */,
			);
			defaultConfigurationIsVisible = 0;
			defaultConfigurationName = Release;
		};
/* End XCConfigurationList section */

/* Begin XCRemoteSwiftPackageReference section */
		80000001 /* XCRemoteSwiftPackageReference "firebase-ios-sdk" */ = {
			isa = XCRemoteSwiftPackageReference;
			repositoryURL = "https://github.com/firebase/firebase-ios-sdk";
			requirement = {
				kind = upToNextMajorVersion;
				minimumVersion = 10.0.0;
			};
		};
/* End XCRemoteSwiftPackageReference section */

/* Begin XCSwiftPackageProductDependency section */
		20000001 /* FirebaseAuth */ = {
			isa = XCSwiftPackageProductDependency;
			package = 80000001 /* XCRemoteSwiftPackageReference "firebase-ios-sdk" */;
			productName = FirebaseAuth;
		};
		20000002 /* FirebaseFirestore */ = {
			isa = XCSwiftPackageProductDependency;
			package = 80000001 /* XCRemoteSwiftPackageReference "firebase-ios-sdk" */;
			productName = FirebaseFirestore;
		};
		966A5FC32F0FF7050064F1A9 /* FirebaseAnalytics */ = {
			isa = XCSwiftPackageProductDependency;
			package = 80000001 /* XCRemoteSwiftPackageReference "firebase-ios-sdk" */;
			productName = FirebaseAnalytics;
		};
		966A60C32F115A7E0064F1A9 /* FirebaseStorage */ = {
			isa = XCSwiftPackageProductDependency;
			package = 80000001 /* XCRemoteSwiftPackageReference "firebase-ios-sdk" */;
			productName = FirebaseStorage;
		};
/* End XCSwiftPackageProductDependency section */
	};
	rootObject = 70000001 /* Project object */;
}
