// !$*UTF8*$!
{
	archiveVersion = 1;
	classes = {
	};
	objectVersion = 56;
	objects = {

/* Begin PBXBuildFile section */
		00000001 /* TeePalsApp.swift in Sources */ = {isa = PBXBuildFile; fileRef = 10000001 /* TeePalsApp.swift */; };
		00000002 /* RootView.swift in Sources */ = {isa = PBXBuildFile; fileRef = 10000002 /* RootView.swift */; };
		00000003 /* AuthView.swift in Sources */ = {isa = PBXBuildFile; fileRef = 10000003 /* AuthView.swift */; };
		00000004 /* ProfileSetupView.swift in Sources */ = {isa = PBXBuildFile; fileRef = 10000004 /* ProfileSetupView.swift */; };
		00000005 /* ProfileView.swift in Sources */ = {isa = PBXBuildFile; fileRef = 10000005 /* ProfileView.swift */; };
		00000006 /* MainTabView.swift in Sources */ = {isa = PBXBuildFile; fileRef = 10000006 /* MainTabView.swift */; };
		00000007 /* RoundsView.swift in Sources */ = {isa = PBXBuildFile; fileRef = 10000007 /* RoundsView.swift */; };
		00000008 /* CreateRoundView.swift in Sources */ = {isa = PBXBuildFile; fileRef = 10000008 /* CreateRoundView.swift */; };
		00000009 /* User.swift in Sources */ = {isa = PBXBuildFile; fileRef = 10000009 /* User.swift */; };
		00000010 /* Profile.swift in Sources */ = {isa = PBXBuildFile; fileRef = 10000010 /* Profile.swift */; };
		00000011 /* Round.swift in Sources */ = {isa = PBXBuildFile; fileRef = 10000011 /* Round.swift */; };
		00000012 /* Participant.swift in Sources */ = {isa = PBXBuildFile; fileRef = 10000012 /* Participant.swift */; };
		00000013 /* Message.swift in Sources */ = {isa = PBXBuildFile; fileRef = 10000013 /* Message.swift */; };
		00000014 /* BlockedUser.swift in Sources */ = {isa = PBXBuildFile; fileRef = 10000014 /* BlockedUser.swift */; };
		00000015 /* AuthService.swift in Sources */ = {isa = PBXBuildFile; fileRef = 10000015 /* AuthService.swift */; };
		00000016 /* ProfileService.swift in Sources */ = {isa = PBXBuildFile; fileRef = 10000016 /* ProfileService.swift */; };
		00000017 /* LocationService.swift in Sources */ = {isa = PBXBuildFile; fileRef = 10000017 /* LocationService.swift */; };
		00000018 /* FirestoreConstants.swift in Sources */ = {isa = PBXBuildFile; fileRef = 10000018 /* FirestoreConstants.swift */; };
		00000019 /* Assets.xcassets in Resources */ = {isa = PBXBuildFile; fileRef = 10000019 /* Assets.xcassets */; };
		00000020 /* FirebaseAuth in Frameworks */ = {isa = PBXBuildFile; productRef = 20000001 /* FirebaseAuth */; };
		00000021 /* FirebaseFirestore in Frameworks */ = {isa = PBXBuildFile; productRef = 20000002 /* FirebaseFirestore */; };
		966A5FC42F0FF7050064F1A9 /* FirebaseAnalytics in Frameworks */ = {isa = PBXBuildFile; productRef = 966A5FC32F0FF7050064F1A9 /* FirebaseAnalytics */; };
		966A5FC62F10EE420064F1A9 /* GoogleService-Info.plist in Resources */ = {isa = PBXBuildFile; fileRef = 966A5FC52F10EE420064F1A9 /* GoogleService-Info.plist */; };
		966A5FC82F1113DD0064F1A9 /* LaunchScreenView.swift in Sources */ = {isa = PBXBuildFile; fileRef = 966A5FC72F1113DD0064F1A9 /* LaunchScreenView.swift */; };
/* End PBXBuildFile section */

/* Begin PBXFileReference section */
		10000000 /* TeePals.app */ = {isa = PBXFileReference; explicitFileType = wrapper.application; includeInIndex = 0; path = TeePals.app; sourceTree = BUILT_PRODUCTS_DIR; };
		10000001 /* TeePalsApp.swift */ = {isa = PBXFileReference; lastKnownFileType = sourcecode.swift; path = TeePalsApp.swift; sourceTree = "<group>"; };
		10000002 /* RootView.swift */ = {isa = PBXFileReference; lastKnownFileType = sourcecode.swift; path = RootView.swift; sourceTree = "<group>"; };
		10000003 /* AuthView.swift */ = {isa = PBXFileReference; lastKnownFileType = sourcecode.swift; path = AuthView.swift; sourceTree = "<group>"; };
		10000004 /* ProfileSetupView.swift */ = {isa = PBXFileReference; lastKnownFileType = sourcecode.swift; path = ProfileSetupView.swift; sourceTree = "<group>"; };
		10000005 /* ProfileView.swift */ = {isa = PBXFileReference; lastKnownFileType = sourcecode.swift; path = ProfileView.swift; sourceTree = "<group>"; };
		10000006 /* MainTabView.swift */ = {isa = PBXFileReference; lastKnownFileType = sourcecode.swift; path = MainTabView.swift; sourceTree = "<group>"; };
		10000007 /* RoundsView.swift */ = {isa = PBXFileReference; lastKnownFileType = sourcecode.swift; path = RoundsView.swift; sourceTree = "<group>"; };
		10000008 /* CreateRoundView.swift */ = {isa = PBXFileReference; lastKnownFileType = sourcecode.swift; path = CreateRoundView.swift; sourceTree = "<group>"; };
		10000009 /* User.swift */ = {isa = PBXFileReference; lastKnownFileType = sourcecode.swift; path = User.swift; sourceTree = "<group>"; };
		10000010 /* Profile.swift */ = {isa = PBXFileReference; lastKnownFileType = sourcecode.swift; path = Profile.swift; sourceTree = "<group>"; };
		10000011 /* Round.swift */ = {isa = PBXFileReference; lastKnownFileType = sourcecode.swift; path = Round.swift; sourceTree = "<group>"; };
		10000012 /* Participant.swift */ = {isa = PBXFileReference; lastKnownFileType = sourcecode.swift; path = Participant.swift; sourceTree = "<group>"; };
		10000013 /* Message.swift */ = {isa = PBXFileReference; lastKnownFileType = sourcecode.swift; path = Message.swift; sourceTree = "<group>"; };
		10000014 /* BlockedUser.swift */ = {isa = PBXFileReference; lastKnownFileType = sourcecode.swift; path = BlockedUser.swift; sourceTree = "<group>"; };
		10000015 /* AuthService.swift */ = {isa = PBXFileReference; lastKnownFileType = sourcecode.swift; path = AuthService.swift; sourceTree = "<group>"; };
		10000016 /* ProfileService.swift */ = {isa = PBXFileReference; lastKnownFileType = sourcecode.swift; path = ProfileService.swift; sourceTree = "<group>"; };
		10000017 /* LocationService.swift */ = {isa = PBXFileReference; lastKnownFileType = sourcecode.swift; path = LocationService.swift; sourceTree = "<group>"; };
		10000018 /* FirestoreConstants.swift */ = {isa = PBXFileReference; lastKnownFileType = sourcecode.swift; path = FirestoreConstants.swift; sourceTree = "<group>"; };
		10000019 /* Assets.xcassets */ = {isa = PBXFileReference; lastKnownFileType = folder.assetcatalog; path = Assets.xcassets; sourceTree = "<group>"; };
		10000020 /* Info.plist */ = {isa = PBXFileReference; lastKnownFileType = text.plist.xml; path = Info.plist; sourceTree = "<group>"; };
		10000021 /* TeePals.entitlements */ = {isa = PBXFileReference; lastKnownFileType = text.plist.entitlements; path = TeePals.entitlements; sourceTree = "<group>"; };
		966A5FC52F10EE420064F1A9 /* GoogleService-Info.plist */ = {isa = PBXFileReference; lastKnownFileType = text.plist.xml; path = "GoogleService-Info.plist"; sourceTree = "<group>"; };
		966A5FC72F1113DD0064F1A9 /* LaunchScreenView.swift */ = {isa = PBXFileReference; lastKnownFileType = sourcecode.swift; path = LaunchScreenView.swift; sourceTree = "<group>"; };
/* End PBXFileReference section */

/* Begin PBXFrameworksBuildPhase section */
		30000001 /* Frameworks */ = {
			isa = PBXFrameworksBuildPhase;
			buildActionMask = 2147483647;
			files = (
				00000020 /* FirebaseAuth in Frameworks */,
				00000021 /* FirebaseFirestore in Frameworks */,
				966A5FC42F0FF7050064F1A9 /* FirebaseAnalytics in Frameworks */,
			);
			runOnlyForDeploymentPostprocessing = 0;
		};
/* End PBXFrameworksBuildPhase section */

/* Begin PBXGroup section */
		40000000 = {
			isa = PBXGroup;
			children = (
				40000001 /* TeePals */,
				40000010 /* Products */,
			);
			sourceTree = "<group>";
		};
		40000001 /* TeePals */ = {
			isa = PBXGroup;
			children = (
				10000001 /* TeePalsApp.swift */,
				10000020 /* Info.plist */,
				10000021 /* TeePals.entitlements */,
				40000002 /* Views */,
				40000006 /* Models */,
				40000007 /* Services */,
				40000008 /* Utilities */,
				40000009 /* Resources */,
				966A5FC52F10EE420064F1A9 /* GoogleService-Info.plist */,
			);
			path = TeePals;
			sourceTree = "<group>";
		};
		40000002 /* Views */ = {
			isa = PBXGroup;
			children = (
				10000002 /* RootView.swift */,
				40000003 /* Auth */,
				40000004 /* Profile */,
				40000005 /* Main */,
				40000011 /* Rounds */,
				966A5FC72F1113DD0064F1A9 /* LaunchScreenView.swift */,
			);
			path = Views;
			sourceTree = "<group>";
		};
		40000003 /* Auth */ = {
			isa = PBXGroup;
			children = (
				10000003 /* AuthView.swift */,
			);
			path = Auth;
			sourceTree = "<group>";
		};
		40000004 /* Profile */ = {
			isa = PBXGroup;
			children = (
				10000004 /* ProfileSetupView.swift */,
				10000005 /* ProfileView.swift */,
			);
			path = Profile;
			sourceTree = "<group>";
		};
		40000005 /* Main */ = {
			isa = PBXGroup;
			children = (
				10000006 /* MainTabView.swift */,
			);
			path = Main;
			sourceTree = "<group>";
		};
		40000006 /* Models */ = {
			isa = PBXGroup;
			children = (
				10000009 /* User.swift */,
				10000010 /* Profile.swift */,
				10000011 /* Round.swift */,
				10000012 /* Participant.swift */,
				10000013 /* Message.swift */,
				10000014 /* BlockedUser.swift */,
			);
			path = Models;
			sourceTree = "<group>";
		};
		40000007 /* Services */ = {
			isa = PBXGroup;
			children = (
				10000015 /* AuthService.swift */,
				10000016 /* ProfileService.swift */,
				10000017 /* LocationService.swift */,
			);
			path = Services;
			sourceTree = "<group>";
		};
		40000008 /* Utilities */ = {
			isa = PBXGroup;
			children = (
				10000018 /* FirestoreConstants.swift */,
			);
			path = Utilities;
			sourceTree = "<group>";
		};
		40000009 /* Resources */ = {
			isa = PBXGroup;
			children = (
				10000019 /* Assets.xcassets */,
			);
			path = Resources;
			sourceTree = "<group>";
		};
		40000010 /* Products */ = {
			isa = PBXGroup;
			children = (
				10000000 /* TeePals.app */,
			);
			name = Products;
			sourceTree = "<group>";
		};
		40000011 /* Rounds */ = {
			isa = PBXGroup;
			children = (
				10000007 /* RoundsView.swift */,
				10000008 /* CreateRoundView.swift */,
			);
			path = Rounds;
			sourceTree = "<group>";
		};
/* End PBXGroup section */

/* Begin PBXNativeTarget section */
		50000001 /* TeePals */ = {
			isa = PBXNativeTarget;
			buildConfigurationList = 60000003 /* Build configuration list for PBXNativeTarget "TeePals" */;
			buildPhases = (
				50000002 /* Sources */,
				30000001 /* Frameworks */,
				50000003 /* Resources */,
			);
			buildRules = (
			);
			dependencies = (
			);
			name = TeePals;
			packageProductDependencies = (
				20000001 /* FirebaseAuth */,
				20000002 /* FirebaseFirestore */,
				966A5FC32F0FF7050064F1A9 /* FirebaseAnalytics */,
			);
			productName = TeePals;
			productReference = 10000000 /* TeePals.app */;
			productType = "com.apple.product-type.application";
		};
/* End PBXNativeTarget section */

/* Begin PBXProject section */
		70000001 /* Project object */ = {
			isa = PBXProject;
			attributes = {
				BuildIndependentTargetsInParallel = 1;
				LastSwiftUpdateCheck = 1500;
				LastUpgradeCheck = 1640;
				TargetAttributes = {
					50000001 = {
						CreatedOnToolsVersion = 15.0;
					};
				};
			};
			buildConfigurationList = 60000001 /* Build configuration list for PBXProject "TeePals" */;
			compatibilityVersion = "Xcode 14.0";
			developmentRegion = en;
			hasScannedForEncodings = 0;
			knownRegions = (
				en,
				Base,
			);
			mainGroup = 40000000;
			packageReferences = (
				80000001 /* XCRemoteSwiftPackageReference "firebase-ios-sdk" */,
			);
			productRefGroup = 40000010 /* Products */;
			projectDirPath = "";
			projectRoot = "";
			targets = (
				50000001 /* TeePals */,
			);
		};
/* End PBXProject section */

/* Begin PBXResourcesBuildPhase section */
		50000003 /* Resources */ = {
			isa = PBXResourcesBuildPhase;
			buildActionMask = 2147483647;
			files = (
				00000019 /* Assets.xcassets in Resources */,
				966A5FC62F10EE420064F1A9 /* GoogleService-Info.plist in Resources */,
			);
			runOnlyForDeploymentPostprocessing = 0;
		};
/* End PBXResourcesBuildPhase section */

/* Begin PBXSourcesBuildPhase section */
		50000002 /* Sources */ = {
			isa = PBXSourcesBuildPhase;
			buildActionMask = 2147483647;
			files = (
				00000001 /* TeePalsApp.swift in Sources */,
				00000002 /* RootView.swift in Sources */,
				00000003 /* AuthView.swift in Sources */,
				00000004 /* ProfileSetupView.swift in Sources */,
				00000005 /* ProfileView.swift in Sources */,
				00000006 /* MainTabView.swift in Sources */,
				00000007 /* RoundsView.swift in Sources */,
				00000008 /* CreateRoundView.swift in Sources */,
				00000009 /* User.swift in Sources */,
				00000010 /* Profile.swift in Sources */,
				966A5FC82F1113DD0064F1A9 /* LaunchScreenView.swift in Sources */,
				00000011 /* Round.swift in Sources */,
				00000012 /* Participant.swift in Sources */,
				00000013 /* Message.swift in Sources */,
				00000014 /* BlockedUser.swift in Sources */,
				00000015 /* AuthService.swift in Sources */,
				00000016 /* ProfileService.swift in Sources */,
				00000017 /* LocationService.swift in Sources */,
				00000018 /* FirestoreConstants.swift in Sources */,
			);
			runOnlyForDeploymentPostprocessing = 0;
		};
/* End PBXSourcesBuildPhase section */

/* Begin XCBuildConfiguration section */
		60000002 /* Debug */ = {
			isa = XCBuildConfiguration;
			buildSettings = {
				ALWAYS_SEARCH_USER_PATHS = NO;
				ASSETCATALOG_COMPILER_GENERATE_SWIFT_ASSET_SYMBOL_EXTENSIONS = YES;
				CLANG_ANALYZER_NONNULL = YES;
				CLANG_ANALYZER_NUMBER_OBJECT_CONVERSION = YES_AGGRESSIVE;
				CLANG_CXX_LANGUAGE_STANDARD = "gnu++20";
				CLANG_ENABLE_MODULES = YES;
				CLANG_ENABLE_OBJC_ARC = YES;
				CLANG_ENABLE_OBJC_WEAK = YES;
				CLANG_WARN_BLOCK_CAPTURE_AUTORELEASING = YES;
				CLANG_WARN_BOOL_CONVERSION = YES;
				CLANG_WARN_COMMA = YES;
				CLANG_WARN_CONSTANT_CONVERSION = YES;
				CLANG_WARN_DEPRECATED_OBJC_IMPLEMENTATIONS = YES;
				CLANG_WARN_DIRECT_OBJC_ISA_USAGE = YES_ERROR;
				CLANG_WARN_DOCUMENTATION_COMMENTS = YES;
				CLANG_WARN_EMPTY_BODY = YES;
				CLANG_WARN_ENUM_CONVERSION = YES;
				CLANG_WARN_INFINITE_RECURSION = YES;
				CLANG_WARN_INT_CONVERSION = YES;
				CLANG_WARN_NON_LITERAL_NULL_CONVERSION = YES;
				CLANG_WARN_OBJC_IMPLICIT_RETAIN_SELF = YES;
				CLANG_WARN_OBJC_LITERAL_CONVERSION = YES;
				CLANG_WARN_OBJC_ROOT_CLASS = YES_ERROR;
				CLANG_WARN_QUOTED_INCLUDE_IN_FRAMEWORK_HEADER = YES;
				CLANG_WARN_RANGE_LOOP_ANALYSIS = YES;
				CLANG_WARN_STRICT_PROTOTYPES = YES;
				CLANG_WARN_SUSPICIOUS_MOVE = YES;
				CLANG_WARN_UNGUARDED_AVAILABILITY = YES_AGGRESSIVE;
				CLANG_WARN_UNREACHABLE_CODE = YES;
				CLANG_WARN__DUPLICATE_METHOD_MATCH = YES;
				COPY_PHASE_STRIP = NO;
				DEBUG_INFORMATION_FORMAT = dwarf;
				DEVELOPMENT_TEAM = Y6F9X8K3XF;
				ENABLE_STRICT_OBJC_MSGSEND = YES;
				ENABLE_TESTABILITY = YES;
				ENABLE_USER_SCRIPT_SANDBOXING = YES;
				GCC_C_LANGUAGE_STANDARD = gnu17;
				GCC_DYNAMIC_NO_PIC = NO;
				GCC_NO_COMMON_BLOCKS = YES;
				GCC_OPTIMIZATION_LEVEL = 0;
				GCC_PREPROCESSOR_DEFINITIONS = (
					"DEBUG=1",
					"$(inherited)",
				);
				GCC_WARN_64_TO_32_BIT_CONVERSION = YES;
				GCC_WARN_ABOUT_RETURN_TYPE = YES_ERROR;
				GCC_WARN_UNDECLARED_SELECTOR = YES;
				GCC_WARN_UNINITIALIZED_AUTOS = YES_AGGRESSIVE;
				GCC_WARN_UNUSED_FUNCTION = YES;
				GCC_WARN_UNUSED_VARIABLE = YES;
				IPHONEOS_DEPLOYMENT_TARGET = 17.0;
				LOCALIZATION_PREFERS_STRING_CATALOGS = YES;
				MTL_ENABLE_DEBUG_INFO = INCLUDE_SOURCE;
				MTL_FAST_MATH = YES;
				ONLY_ACTIVE_ARCH = YES;
				SDKROOT = iphoneos;
				SWIFT_ACTIVE_COMPILATION_CONDITIONS = "DEBUG $(inherited)";
				SWIFT_OPTIMIZATION_LEVEL = "-Onone";
			};
			name = Debug;
		};
		60000004 /* Release */ = {
			isa = XCBuildConfiguration;
			buildSettings = {
				ALWAYS_SEARCH_USER_PATHS = NO;
				ASSETCATALOG_COMPILER_GENERATE_SWIFT_ASSET_SYMBOL_EXTENSIONS = YES;
				CLANG_ANALYZER_NONNULL = YES;
				CLANG_ANALYZER_NUMBER_OBJECT_CONVERSION = YES_AGGRESSIVE;
				CLANG_CXX_LANGUAGE_STANDARD = "gnu++20";
				CLANG_ENABLE_MODULES = YES;
				CLANG_ENABLE_OBJC_ARC = YES;
				CLANG_ENABLE_OBJC_WEAK = YES;
				CLANG_WARN_BLOCK_CAPTURE_AUTORELEASING = YES;
				CLANG_WARN_BOOL_CONVERSION = YES;
				CLANG_WARN_COMMA = YES;
				CLANG_WARN_CONSTANT_CONVERSION = YES;
				CLANG_WARN_DEPRECATED_OBJC_IMPLEMENTATIONS = YES;
				CLANG_WARN_DIRECT_OBJC_ISA_USAGE = YES_ERROR;
				CLANG_WARN_DOCUMENTATION_COMMENTS = YES;
				CLANG_WARN_EMPTY_BODY = YES;
				CLANG_WARN_ENUM_CONVERSION = YES;
				CLANG_WARN_INFINITE_RECURSION = YES;
				CLANG_WARN_INT_CONVERSION = YES;
				CLANG_WARN_NON_LITERAL_NULL_CONVERSION = YES;
				CLANG_WARN_OBJC_IMPLICIT_RETAIN_SELF = YES;
				CLANG_WARN_OBJC_LITERAL_CONVERSION = YES;
				CLANG_WARN_OBJC_ROOT_CLASS = YES_ERROR;
				CLANG_WARN_QUOTED_INCLUDE_IN_FRAMEWORK_HEADER = YES;
				CLANG_WARN_RANGE_LOOP_ANALYSIS = YES;
				CLANG_WARN_STRICT_PROTOTYPES = YES;
				CLANG_WARN_SUSPICIOUS_MOVE = YES;
				CLANG_WARN_UNGUARDED_AVAILABILITY = YES_AGGRESSIVE;
				CLANG_WARN_UNREACHABLE_CODE = YES;
				CLANG_WARN__DUPLICATE_METHOD_MATCH = YES;
				COPY_PHASE_STRIP = NO;
				DEBUG_INFORMATION_FORMAT = "dwarf-with-dsym";
				DEVELOPMENT_TEAM = Y6F9X8K3XF;
				ENABLE_NS_ASSERTIONS = NO;
				ENABLE_STRICT_OBJC_MSGSEND = YES;
				ENABLE_USER_SCRIPT_SANDBOXING = YES;
				GCC_C_LANGUAGE_STANDARD = gnu17;
				GCC_NO_COMMON_BLOCKS = YES;
				GCC_WARN_64_TO_32_BIT_CONVERSION = YES;
				GCC_WARN_ABOUT_RETURN_TYPE = YES_ERROR;
				GCC_WARN_UNDECLARED_SELECTOR = YES;
				GCC_WARN_UNINITIALIZED_AUTOS = YES_AGGRESSIVE;
				GCC_WARN_UNUSED_FUNCTION = YES;
				GCC_WARN_UNUSED_VARIABLE = YES;
				IPHONEOS_DEPLOYMENT_TARGET = 17.0;
				LOCALIZATION_PREFERS_STRING_CATALOGS = YES;
				MTL_ENABLE_DEBUG_INFO = NO;
				MTL_FAST_MATH = YES;
				SDKROOT = iphoneos;
				SWIFT_COMPILATION_MODE = wholemodule;
				VALIDATE_PRODUCT = YES;
			};
			name = Release;
		};
		60000005 /* Debug */ = {
			isa = XCBuildConfiguration;
			buildSettings = {
				ASSETCATALOG_COMPILER_APPICON_NAME = AppIcon;
				ASSETCATALOG_COMPILER_GLOBAL_ACCENT_COLOR_NAME = AccentColor;
				CODE_SIGN_ENTITLEMENTS = TeePals/TeePals.entitlements;
				CODE_SIGN_IDENTITY = "Apple Development";
				CODE_SIGN_STYLE = Automatic;
				CURRENT_PROJECT_VERSION = 1;
				ENABLE_PREVIEWS = YES;
				GENERATE_INFOPLIST_FILE = YES;
				INFOPLIST_FILE = TeePals/Info.plist;
				INFOPLIST_KEY_CFBundleDisplayName = TeePals;
				INFOPLIST_KEY_UIApplicationSceneManifest_Generation = YES;
				INFOPLIST_KEY_UIApplicationSupportsIndirectInputEvents = YES;
				INFOPLIST_KEY_UILaunchScreen_Generation = YES;
				INFOPLIST_KEY_UISupportedInterfaceOrientations_iPad = "UIInterfaceOrientationPortrait UIInterfaceOrientationPortraitUpsideDown UIInterfaceOrientationLandscapeLeft UIInterfaceOrientationLandscapeRight";
				INFOPLIST_KEY_UISupportedInterfaceOrientations_iPhone = "UIInterfaceOrientationPortrait UIInterfaceOrientationLandscapeLeft UIInterfaceOrientationLandscapeRight";
				LD_RUNPATH_SEARCH_PATHS = (
					"$(inherited)",
					"@executable_path/Frameworks",
				);
				MARKETING_VERSION = 1.0;
				PRODUCT_BUNDLE_IDENTIFIER = com.teepals.app;
				PRODUCT_NAME = "$(TARGET_NAME)";
				PROVISIONING_PROFILE_SPECIFIER = "";
				SWIFT_EMIT_LOC_STRINGS = YES;
				SWIFT_VERSION = 5.0;
				TARGETED_DEVICE_FAMILY = "1,2";
			};
			name = Debug;
		};
		60000006 /* Release */ = {
			isa = XCBuildConfiguration;
			buildSettings = {
				ASSETCATALOG_COMPILER_APPICON_NAME = AppIcon;
				ASSETCATALOG_COMPILER_GLOBAL_ACCENT_COLOR_NAME = AccentColor;
				CODE_SIGN_ENTITLEMENTS = TeePals/TeePals.entitlements;
				CODE_SIGN_IDENTITY = "Apple Development";
				CODE_SIGN_STYLE = Automatic;
				CURRENT_PROJECT_VERSION = 1;
				ENABLE_PREVIEWS = YES;
				GENERATE_INFOPLIST_FILE = YES;
				INFOPLIST_FILE = TeePals/Info.plist;
				INFOPLIST_KEY_CFBundleDisplayName = TeePals;
				INFOPLIST_KEY_UIApplicationSceneManifest_Generation = YES;
				INFOPLIST_KEY_UIApplicationSupportsIndirectInputEvents = YES;
				INFOPLIST_KEY_UILaunchScreen_Generation = YES;
				INFOPLIST_KEY_UISupportedInterfaceOrientations_iPad = "UIInterfaceOrientationPortrait UIInterfaceOrientationPortraitUpsideDown UIInterfaceOrientationLandscapeLeft UIInterfaceOrientationLandscapeRight";
				INFOPLIST_KEY_UISupportedInterfaceOrientations_iPhone = "UIInterfaceOrientationPortrait UIInterfaceOrientationLandscapeLeft UIInterfaceOrientationLandscapeRight";
				LD_RUNPATH_SEARCH_PATHS = (
					"$(inherited)",
					"@executable_path/Frameworks",
				);
				MARKETING_VERSION = 1.0;
				PRODUCT_BUNDLE_IDENTIFIER = com.teepals.app;
				PRODUCT_NAME = "$(TARGET_NAME)";
				PROVISIONING_PROFILE_SPECIFIER = "";
				SWIFT_EMIT_LOC_STRINGS = YES;
				SWIFT_VERSION = 5.0;
				TARGETED_DEVICE_FAMILY = "1,2";
			};
			name = Release;
		};
/* End XCBuildConfiguration section */

/* Begin XCConfigurationList section */
		60000001 /* Build configuration list for PBXProject "TeePals" */ = {
			isa = XCConfigurationList;
			buildConfigurations = (
				60000002 /* Debug */,
				60000004 /* Release */,
			);
			defaultConfigurationIsVisible = 0;
			defaultConfigurationName = Release;
		};
		60000003 /* Build configuration list for PBXNativeTarget "TeePals" */ = {
			isa = XCConfigurationList;
			buildConfigurations = (
				60000005 /* Debug */,
				60000006 /* Release */,
			);
			defaultConfigurationIsVisible = 0;
			defaultConfigurationName = Release;
		};
/* End XCConfigurationList section */

/* Begin XCRemoteSwiftPackageReference section */
		80000001 /* XCRemoteSwiftPackageReference "firebase-ios-sdk" */ = {
			isa = XCRemoteSwiftPackageReference;
			repositoryURL = "https://github.com/firebase/firebase-ios-sdk";
			requirement = {
				kind = upToNextMajorVersion;
				minimumVersion = 10.0.0;
			};
		};
/* End XCRemoteSwiftPackageReference section */

/* Begin XCSwiftPackageProductDependency section */
		20000001 /* FirebaseAuth */ = {
			isa = XCSwiftPackageProductDependency;
			package = 80000001 /* XCRemoteSwiftPackageReference "firebase-ios-sdk" */;
			productName = FirebaseAuth;
		};
		20000002 /* FirebaseFirestore */ = {
			isa = XCSwiftPackageProductDependency;
			package = 80000001 /* XCRemoteSwiftPackageReference "firebase-ios-sdk" */;
			productName = FirebaseFirestore;
		};
		966A5FC32F0FF7050064F1A9 /* FirebaseAnalytics */ = {
			isa = XCSwiftPackageProductDependency;
			package = 80000001 /* XCRemoteSwiftPackageReference "firebase-ios-sdk" */;
			productName = FirebaseAnalytics;
		};
/* End XCSwiftPackageProductDependency section */
	};
	rootObject = 70000001 /* Project object */;
}
